// !$*UTF8*$!
{
	archiveVersion = 1;
	classes = {
	};
	objectVersion = 46;
	objects = {

/* Begin PBXBuildFile section */
		DA220E8D1695DAAC004A58D6 /* trigQuizViewController.m in Sources */ = {isa = PBXBuildFile; fileRef = DA220E8C1695DAAC004A58D6 /* trigQuizViewController.m */; };
		DA47F3B51652B2DD00CCE464 /* UIKit.framework in Frameworks */ = {isa = PBXBuildFile; fileRef = DA47F3B41652B2DD00CCE464 /* UIKit.framework */; };
		DA47F3B71652B2DD00CCE464 /* Foundation.framework in Frameworks */ = {isa = PBXBuildFile; fileRef = DA47F3B61652B2DD00CCE464 /* Foundation.framework */; };
		DA47F3B91652B2DD00CCE464 /* CoreGraphics.framework in Frameworks */ = {isa = PBXBuildFile; fileRef = DA47F3B81652B2DD00CCE464 /* CoreGraphics.framework */; };
		DA47F3BF1652B2DD00CCE464 /* InfoPlist.strings in Resources */ = {isa = PBXBuildFile; fileRef = DA47F3BD1652B2DD00CCE464 /* InfoPlist.strings */; };
		DA47F3C11652B2DD00CCE464 /* main.m in Sources */ = {isa = PBXBuildFile; fileRef = DA47F3C01652B2DD00CCE464 /* main.m */; };
		DA47F3C51652B2DD00CCE464 /* AppDelegate.m in Sources */ = {isa = PBXBuildFile; fileRef = DA47F3C41652B2DD00CCE464 /* AppDelegate.m */; };
		DA47F3C81652B2DD00CCE464 /* MainStoryboard.storyboard in Resources */ = {isa = PBXBuildFile; fileRef = DA47F3C61652B2DD00CCE464 /* MainStoryboard.storyboard */; };
		DA47F3CB1652B2DD00CCE464 /* ViewController.m in Sources */ = {isa = PBXBuildFile; fileRef = DA47F3CA1652B2DD00CCE464 /* ViewController.m */; };
		DA47F3D21652B2FC00CCE464 /* title.jpg in Resources */ = {isa = PBXBuildFile; fileRef = DA47F3D11652B2FC00CCE464 /* title.jpg */; };
		DA47F3D41652B30900CCE464 /* chalkboard.jpg in Resources */ = {isa = PBXBuildFile; fileRef = DA47F3D31652B30900CCE464 /* chalkboard.jpg */; };
		DA52188716A8501C0023EF1A /* 1.jpg in Resources */ = {isa = PBXBuildFile; fileRef = DA52187C16A8501C0023EF1A /* 1.jpg */; };
		DA52188816A8501C0023EF1A /* 2.jpg in Resources */ = {isa = PBXBuildFile; fileRef = DA52187D16A8501C0023EF1A /* 2.jpg */; };
		DA52188916A8501C0023EF1A /* 3.jpg in Resources */ = {isa = PBXBuildFile; fileRef = DA52187E16A8501C0023EF1A /* 3.jpg */; };
		DA52188A16A8501C0023EF1A /* 4.jpg in Resources */ = {isa = PBXBuildFile; fileRef = DA52187F16A8501C0023EF1A /* 4.jpg */; };
		DA52188B16A8501C0023EF1A /* 5.jpg in Resources */ = {isa = PBXBuildFile; fileRef = DA52188016A8501C0023EF1A /* 5.jpg */; };
		DA52188C16A8501C0023EF1A /* 6.jpg in Resources */ = {isa = PBXBuildFile; fileRef = DA52188116A8501C0023EF1A /* 6.jpg */; };
		DA52188D16A8501C0023EF1A /* 7.jpg in Resources */ = {isa = PBXBuildFile; fileRef = DA52188216A8501C0023EF1A /* 7.jpg */; };
		DA52188E16A8501C0023EF1A /* 8.JPG in Resources */ = {isa = PBXBuildFile; fileRef = DA52188316A8501C0023EF1A /* 8.JPG */; };
		DA52188F16A8501C0023EF1A /* 9.jpg in Resources */ = {isa = PBXBuildFile; fileRef = DA52188416A8501C0023EF1A /* 9.jpg */; };
		DA52189016A8501C0023EF1A /* 10.jpg in Resources */ = {isa = PBXBuildFile; fileRef = DA52188516A8501C0023EF1A /* 10.jpg */; };
		DA52189116A8501C0023EF1A /* 11.jpg in Resources */ = {isa = PBXBuildFile; fileRef = DA52188616A8501C0023EF1A /* 11.jpg */; };
		DA9A67411655835200CC679C /* algebraQuizViewController.m in Sources */ = {isa = PBXBuildFile; fileRef = DA9A67401655835200CC679C /* algebraQuizViewController.m */; };
		DAA2599216CD6BC5007F8925 /* allSummaryViewController.m in Sources */ = {isa = PBXBuildFile; fileRef = DAA2599116CD6BC5007F8925 /* allSummaryViewController.m */; };
		DAA25A8F167B4318007AA6CD /* volAreaQuizViewController.m in Sources */ = {isa = PBXBuildFile; fileRef = DAA25A8E167B4318007AA6CD /* volAreaQuizViewController.m */; };
		DAAB64B216A81EAF001EDC79 /* trigd2triangle.jpg in Resources */ = {isa = PBXBuildFile; fileRef = DAAB64B116A81EAF001EDC79 /* trigd2triangle.jpg */; };
		DAAB64BC16A84D20001EDC79 /* algebraTutViewController.m in Sources */ = {isa = PBXBuildFile; fileRef = DAAB64BB16A84D1F001EDC79 /* algebraTutViewController.m */; };
		DAABEC4316E4B0F9008CE20E /* algebraTestViewController.m in Sources */ = {isa = PBXBuildFile; fileRef = DAABEC4216E4B0F9008CE20E /* algebraTestViewController.m */; };
		DAABEC4716E4BF3D008CE20E /* VolAreaTestViewController.m in Sources */ = {isa = PBXBuildFile; fileRef = DAABEC4616E4BF3D008CE20E /* VolAreaTestViewController.m */; };
		DAABEC4A16E4C886008CE20E /* trigTestViewController.m in Sources */ = {isa = PBXBuildFile; fileRef = DAABEC4916E4C886008CE20E /* trigTestViewController.m */; };
		DAAFE28F16E0BAFC005BD261 /* TUTSimpleScatterPlot.m in Sources */ = {isa = PBXBuildFile; fileRef = DAAFE28C16E0BAFB005BD261 /* TUTSimpleScatterPlot.m */; };
		DAAFE29216E0BC78005BD261 /* graphQuizViewController.m in Sources */ = {isa = PBXBuildFile; fileRef = DAAFE29116E0BC78005BD261 /* graphQuizViewController.m */; };
		DAAFE29416E0BD21005BD261 /* QuartzCore.framework in Frameworks */ = {isa = PBXBuildFile; fileRef = DAAFE29316E0BD21005BD261 /* QuartzCore.framework */; };
		DAAFE29516E0BE7F005BD261 /* libCorePlot-CocoaTouch.a in Frameworks */ = {isa = PBXBuildFile; fileRef = DAAFE28916E0BAFB005BD261 /* libCorePlot-CocoaTouch.a */; };
		DAAFE29816E0C8C7005BD261 /* graphDifficulties.m in Sources */ = {isa = PBXBuildFile; fileRef = DAAFE29716E0C8C7005BD261 /* graphDifficulties.m */; };
		DAB03BD916CE3E2100B5EE64 /* volAreaDifficulties.m in Sources */ = {isa = PBXBuildFile; fileRef = DAB03BD816CE3E2100B5EE64 /* volAreaDifficulties.m */; };
		DAB03BDC16CE504800B5EE64 /* trigDifficulties.m in Sources */ = {isa = PBXBuildFile; fileRef = DAB03BDB16CE504800B5EE64 /* trigDifficulties.m */; };
		DAB03BDE16CE579800B5EE64 /* T1.jpg in Resources */ = {isa = PBXBuildFile; fileRef = DAB03BDD16CE579800B5EE64 /* T1.jpg */; };
		DAB03BE016CE57A200B5EE64 /* VA1.jpg in Resources */ = {isa = PBXBuildFile; fileRef = DAB03BDF16CE57A200B5EE64 /* VA1.jpg */; };
		DAE6253E16B9533F00DCA45A /* AlgebraDifficulties.m in Sources */ = {isa = PBXBuildFile; fileRef = DAE6253D16B9533F00DCA45A /* AlgebraDifficulties.m */; };
/* End PBXBuildFile section */

/* Begin PBXFileReference section */
		DA220E8B1695DAAC004A58D6 /* trigQuizViewController.h */ = {isa = PBXFileReference; fileEncoding = 4; lastKnownFileType = sourcecode.c.h; path = trigQuizViewController.h; sourceTree = "<group>"; };
		DA220E8C1695DAAC004A58D6 /* trigQuizViewController.m */ = {isa = PBXFileReference; fileEncoding = 4; lastKnownFileType = sourcecode.c.objc; path = trigQuizViewController.m; sourceTree = "<group>"; };
		DA47F3B01652B2DD00CCE464 /* STEMTutorial.app */ = {isa = PBXFileReference; explicitFileType = wrapper.application; includeInIndex = 0; path = STEMTutorial.app; sourceTree = BUILT_PRODUCTS_DIR; };
		DA47F3B41652B2DD00CCE464 /* UIKit.framework */ = {isa = PBXFileReference; lastKnownFileType = wrapper.framework; name = UIKit.framework; path = System/Library/Frameworks/UIKit.framework; sourceTree = SDKROOT; };
		DA47F3B61652B2DD00CCE464 /* Foundation.framework */ = {isa = PBXFileReference; lastKnownFileType = wrapper.framework; name = Foundation.framework; path = System/Library/Frameworks/Foundation.framework; sourceTree = SDKROOT; };
		DA47F3B81652B2DD00CCE464 /* CoreGraphics.framework */ = {isa = PBXFileReference; lastKnownFileType = wrapper.framework; name = CoreGraphics.framework; path = System/Library/Frameworks/CoreGraphics.framework; sourceTree = SDKROOT; };
		DA47F3BC1652B2DD00CCE464 /* STEMTutorial-Info.plist */ = {isa = PBXFileReference; lastKnownFileType = text.plist.xml; path = "STEMTutorial-Info.plist"; sourceTree = "<group>"; };
		DA47F3BE1652B2DD00CCE464 /* en */ = {isa = PBXFileReference; lastKnownFileType = text.plist.strings; name = en; path = en.lproj/InfoPlist.strings; sourceTree = "<group>"; };
		DA47F3C01652B2DD00CCE464 /* main.m */ = {isa = PBXFileReference; lastKnownFileType = sourcecode.c.objc; path = main.m; sourceTree = "<group>"; };
		DA47F3C21652B2DD00CCE464 /* STEMTutorial-Prefix.pch */ = {isa = PBXFileReference; lastKnownFileType = sourcecode.c.h; path = "STEMTutorial-Prefix.pch"; sourceTree = "<group>"; };
		DA47F3C31652B2DD00CCE464 /* AppDelegate.h */ = {isa = PBXFileReference; lastKnownFileType = sourcecode.c.h; path = AppDelegate.h; sourceTree = "<group>"; };
		DA47F3C41652B2DD00CCE464 /* AppDelegate.m */ = {isa = PBXFileReference; lastKnownFileType = sourcecode.c.objc; path = AppDelegate.m; sourceTree = "<group>"; };
		DA47F3C71652B2DD00CCE464 /* en */ = {isa = PBXFileReference; lastKnownFileType = file.storyboard; name = en; path = en.lproj/MainStoryboard.storyboard; sourceTree = "<group>"; };
		DA47F3C91652B2DD00CCE464 /* ViewController.h */ = {isa = PBXFileReference; lastKnownFileType = sourcecode.c.h; path = ViewController.h; sourceTree = "<group>"; };
		DA47F3CA1652B2DD00CCE464 /* ViewController.m */ = {isa = PBXFileReference; lastKnownFileType = sourcecode.c.objc; path = ViewController.m; sourceTree = "<group>"; };
		DA47F3D11652B2FC00CCE464 /* title.jpg */ = {isa = PBXFileReference; lastKnownFileType = image.jpeg; path = title.jpg; sourceTree = "<group>"; };
		DA47F3D31652B30900CCE464 /* chalkboard.jpg */ = {isa = PBXFileReference; lastKnownFileType = image.jpeg; path = chalkboard.jpg; sourceTree = "<group>"; };
		DA52187C16A8501C0023EF1A /* 1.jpg */ = {isa = PBXFileReference; lastKnownFileType = image.jpeg; name = 1.jpg; path = algebraTutImages/1.jpg; sourceTree = "<group>"; };
		DA52187D16A8501C0023EF1A /* 2.jpg */ = {isa = PBXFileReference; lastKnownFileType = image.jpeg; name = 2.jpg; path = algebraTutImages/2.jpg; sourceTree = "<group>"; };
		DA52187E16A8501C0023EF1A /* 3.jpg */ = {isa = PBXFileReference; lastKnownFileType = image.jpeg; name = 3.jpg; path = algebraTutImages/3.jpg; sourceTree = "<group>"; };
		DA52187F16A8501C0023EF1A /* 4.jpg */ = {isa = PBXFileReference; lastKnownFileType = image.jpeg; name = 4.jpg; path = algebraTutImages/4.jpg; sourceTree = "<group>"; };
		DA52188016A8501C0023EF1A /* 5.jpg */ = {isa = PBXFileReference; lastKnownFileType = image.jpeg; name = 5.jpg; path = algebraTutImages/5.jpg; sourceTree = "<group>"; };
		DA52188116A8501C0023EF1A /* 6.jpg */ = {isa = PBXFileReference; lastKnownFileType = image.jpeg; name = 6.jpg; path = algebraTutImages/6.jpg; sourceTree = "<group>"; };
		DA52188216A8501C0023EF1A /* 7.jpg */ = {isa = PBXFileReference; lastKnownFileType = image.jpeg; name = 7.jpg; path = algebraTutImages/7.jpg; sourceTree = "<group>"; };
		DA52188316A8501C0023EF1A /* 8.JPG */ = {isa = PBXFileReference; lastKnownFileType = image.jpeg; name = 8.JPG; path = algebraTutImages/8.JPG; sourceTree = "<group>"; };
		DA52188416A8501C0023EF1A /* 9.jpg */ = {isa = PBXFileReference; lastKnownFileType = image.jpeg; name = 9.jpg; path = algebraTutImages/9.jpg; sourceTree = "<group>"; };
		DA52188516A8501C0023EF1A /* 10.jpg */ = {isa = PBXFileReference; lastKnownFileType = image.jpeg; name = 10.jpg; path = algebraTutImages/10.jpg; sourceTree = "<group>"; };
		DA52188616A8501C0023EF1A /* 11.jpg */ = {isa = PBXFileReference; lastKnownFileType = image.jpeg; name = 11.jpg; path = algebraTutImages/11.jpg; sourceTree = "<group>"; };
		DA9A673F1655835200CC679C /* algebraQuizViewController.h */ = {isa = PBXFileReference; fileEncoding = 4; lastKnownFileType = sourcecode.c.h; path = algebraQuizViewController.h; sourceTree = "<group>"; };
		DA9A67401655835200CC679C /* algebraQuizViewController.m */ = {isa = PBXFileReference; fileEncoding = 4; lastKnownFileType = sourcecode.c.objc; path = algebraQuizViewController.m; sourceTree = "<group>"; };
		DAA2599016CD6BC5007F8925 /* allSummaryViewController.h */ = {isa = PBXFileReference; fileEncoding = 4; lastKnownFileType = sourcecode.c.h; path = allSummaryViewController.h; sourceTree = "<group>"; };
		DAA2599116CD6BC5007F8925 /* allSummaryViewController.m */ = {isa = PBXFileReference; fileEncoding = 4; lastKnownFileType = sourcecode.c.objc; path = allSummaryViewController.m; sourceTree = "<group>"; };
		DAA25A8D167B4318007AA6CD /* volAreaQuizViewController.h */ = {isa = PBXFileReference; fileEncoding = 4; lastKnownFileType = sourcecode.c.h; path = volAreaQuizViewController.h; sourceTree = "<group>"; };
		DAA25A8E167B4318007AA6CD /* volAreaQuizViewController.m */ = {isa = PBXFileReference; fileEncoding = 4; lastKnownFileType = sourcecode.c.objc; path = volAreaQuizViewController.m; sourceTree = "<group>"; };
		DAAB64B116A81EAF001EDC79 /* trigd2triangle.jpg */ = {isa = PBXFileReference; lastKnownFileType = image.jpeg; path = trigd2triangle.jpg; sourceTree = "<group>"; };
		DAAB64BA16A84D1F001EDC79 /* algebraTutViewController.h */ = {isa = PBXFileReference; fileEncoding = 4; lastKnownFileType = sourcecode.c.h; path = algebraTutViewController.h; sourceTree = "<group>"; };
		DAAB64BB16A84D1F001EDC79 /* algebraTutViewController.m */ = {isa = PBXFileReference; fileEncoding = 4; lastKnownFileType = sourcecode.c.objc; path = algebraTutViewController.m; sourceTree = "<group>"; };
		DAABEC4116E4B0F9008CE20E /* algebraTestViewController.h */ = {isa = PBXFileReference; fileEncoding = 4; lastKnownFileType = sourcecode.c.h; path = algebraTestViewController.h; sourceTree = "<group>"; };
		DAABEC4216E4B0F9008CE20E /* algebraTestViewController.m */ = {isa = PBXFileReference; fileEncoding = 4; lastKnownFileType = sourcecode.c.objc; path = algebraTestViewController.m; sourceTree = "<group>"; };
		DAABEC4516E4BF3D008CE20E /* VolAreaTestViewController.h */ = {isa = PBXFileReference; fileEncoding = 4; lastKnownFileType = sourcecode.c.h; name = VolAreaTestViewController.h; path = ../VolAreaTestViewController.h; sourceTree = "<group>"; };
		DAABEC4616E4BF3D008CE20E /* VolAreaTestViewController.m */ = {isa = PBXFileReference; fileEncoding = 4; lastKnownFileType = sourcecode.c.objc; name = VolAreaTestViewController.m; path = ../VolAreaTestViewController.m; sourceTree = "<group>"; };
		DAABEC4816E4C886008CE20E /* trigTestViewController.h */ = {isa = PBXFileReference; fileEncoding = 4; lastKnownFileType = sourcecode.c.h; path = trigTestViewController.h; sourceTree = "<group>"; };
		DAABEC4916E4C886008CE20E /* trigTestViewController.m */ = {isa = PBXFileReference; fileEncoding = 4; lastKnownFileType = sourcecode.c.objc; path = trigTestViewController.m; sourceTree = "<group>"; };
		DAAFE23F16E0BAFB005BD261 /* CorePlot-CocoaTouch.h */ = {isa = PBXFileReference; fileEncoding = 4; lastKnownFileType = sourcecode.c.h; path = "CorePlot-CocoaTouch.h"; sourceTree = "<group>"; };
		DAAFE24016E0BAFB005BD261 /* CPTAnnotation.h */ = {isa = PBXFileReference; fileEncoding = 4; lastKnownFileType = sourcecode.c.h; path = CPTAnnotation.h; sourceTree = "<group>"; };
		DAAFE24116E0BAFB005BD261 /* CPTAnnotationHostLayer.h */ = {isa = PBXFileReference; fileEncoding = 4; lastKnownFileType = sourcecode.c.h; path = CPTAnnotationHostLayer.h; sourceTree = "<group>"; };
		DAAFE24216E0BAFB005BD261 /* CPTAxis.h */ = {isa = PBXFileReference; fileEncoding = 4; lastKnownFileType = sourcecode.c.h; path = CPTAxis.h; sourceTree = "<group>"; };
		DAAFE24316E0BAFB005BD261 /* CPTAxisLabel.h */ = {isa = PBXFileReference; fileEncoding = 4; lastKnownFileType = sourcecode.c.h; path = CPTAxisLabel.h; sourceTree = "<group>"; };
		DAAFE24416E0BAFB005BD261 /* CPTAxisLabelGroup.h */ = {isa = PBXFileReference; fileEncoding = 4; lastKnownFileType = sourcecode.c.h; path = CPTAxisLabelGroup.h; sourceTree = "<group>"; };
		DAAFE24516E0BAFB005BD261 /* CPTAxisSet.h */ = {isa = PBXFileReference; fileEncoding = 4; lastKnownFileType = sourcecode.c.h; path = CPTAxisSet.h; sourceTree = "<group>"; };
		DAAFE24616E0BAFB005BD261 /* CPTAxisTitle.h */ = {isa = PBXFileReference; fileEncoding = 4; lastKnownFileType = sourcecode.c.h; path = CPTAxisTitle.h; sourceTree = "<group>"; };
		DAAFE24716E0BAFB005BD261 /* CPTBarPlot.h */ = {isa = PBXFileReference; fileEncoding = 4; lastKnownFileType = sourcecode.c.h; path = CPTBarPlot.h; sourceTree = "<group>"; };
		DAAFE24816E0BAFB005BD261 /* CPTBorderedLayer.h */ = {isa = PBXFileReference; fileEncoding = 4; lastKnownFileType = sourcecode.c.h; path = CPTBorderedLayer.h; sourceTree = "<group>"; };
		DAAFE24916E0BAFB005BD261 /* CPTCalendarFormatter.h */ = {isa = PBXFileReference; fileEncoding = 4; lastKnownFileType = sourcecode.c.h; path = CPTCalendarFormatter.h; sourceTree = "<group>"; };
		DAAFE24A16E0BAFB005BD261 /* CPTColor.h */ = {isa = PBXFileReference; fileEncoding = 4; lastKnownFileType = sourcecode.c.h; path = CPTColor.h; sourceTree = "<group>"; };
		DAAFE24B16E0BAFB005BD261 /* CPTColorSpace.h */ = {isa = PBXFileReference; fileEncoding = 4; lastKnownFileType = sourcecode.c.h; path = CPTColorSpace.h; sourceTree = "<group>"; };
		DAAFE24C16E0BAFB005BD261 /* CPTConstraints.h */ = {isa = PBXFileReference; fileEncoding = 4; lastKnownFileType = sourcecode.c.h; path = CPTConstraints.h; sourceTree = "<group>"; };
		DAAFE24D16E0BAFB005BD261 /* CPTDataSourceTestCase.h */ = {isa = PBXFileReference; fileEncoding = 4; lastKnownFileType = sourcecode.c.h; path = CPTDataSourceTestCase.h; sourceTree = "<group>"; };
		DAAFE24E16E0BAFB005BD261 /* CPTDefinitions.h */ = {isa = PBXFileReference; fileEncoding = 4; lastKnownFileType = sourcecode.c.h; path = CPTDefinitions.h; sourceTree = "<group>"; };
		DAAFE24F16E0BAFB005BD261 /* CPTDerivedXYGraph.h */ = {isa = PBXFileReference; fileEncoding = 4; lastKnownFileType = sourcecode.c.h; path = CPTDerivedXYGraph.h; sourceTree = "<group>"; };
		DAAFE25016E0BAFB005BD261 /* CPTExceptions.h */ = {isa = PBXFileReference; fileEncoding = 4; lastKnownFileType = sourcecode.c.h; path = CPTExceptions.h; sourceTree = "<group>"; };
		DAAFE25116E0BAFB005BD261 /* CPTFill.h */ = {isa = PBXFileReference; fileEncoding = 4; lastKnownFileType = sourcecode.c.h; path = CPTFill.h; sourceTree = "<group>"; };
		DAAFE25216E0BAFB005BD261 /* CPTGradient.h */ = {isa = PBXFileReference; fileEncoding = 4; lastKnownFileType = sourcecode.c.h; path = CPTGradient.h; sourceTree = "<group>"; };
		DAAFE25316E0BAFB005BD261 /* CPTGraph.h */ = {isa = PBXFileReference; fileEncoding = 4; lastKnownFileType = sourcecode.c.h; path = CPTGraph.h; sourceTree = "<group>"; };
		DAAFE25416E0BAFB005BD261 /* CPTGraphHostingView.h */ = {isa = PBXFileReference; fileEncoding = 4; lastKnownFileType = sourcecode.c.h; path = CPTGraphHostingView.h; sourceTree = "<group>"; };
		DAAFE25516E0BAFB005BD261 /* CPTGridLineGroup.h */ = {isa = PBXFileReference; fileEncoding = 4; lastKnownFileType = sourcecode.c.h; path = CPTGridLineGroup.h; sourceTree = "<group>"; };
		DAAFE25616E0BAFB005BD261 /* CPTGridLines.h */ = {isa = PBXFileReference; fileEncoding = 4; lastKnownFileType = sourcecode.c.h; path = CPTGridLines.h; sourceTree = "<group>"; };
		DAAFE25716E0BAFB005BD261 /* CPTImage.h */ = {isa = PBXFileReference; fileEncoding = 4; lastKnownFileType = sourcecode.c.h; path = CPTImage.h; sourceTree = "<group>"; };
		DAAFE25816E0BAFB005BD261 /* CPTLayer.h */ = {isa = PBXFileReference; fileEncoding = 4; lastKnownFileType = sourcecode.c.h; path = CPTLayer.h; sourceTree = "<group>"; };
		DAAFE25916E0BAFB005BD261 /* CPTLayerAnnotation.h */ = {isa = PBXFileReference; fileEncoding = 4; lastKnownFileType = sourcecode.c.h; path = CPTLayerAnnotation.h; sourceTree = "<group>"; };
		DAAFE25A16E0BAFB005BD261 /* CPTLegend.h */ = {isa = PBXFileReference; fileEncoding = 4; lastKnownFileType = sourcecode.c.h; path = CPTLegend.h; sourceTree = "<group>"; };
		DAAFE25B16E0BAFB005BD261 /* CPTLegendEntry.h */ = {isa = PBXFileReference; fileEncoding = 4; lastKnownFileType = sourcecode.c.h; path = CPTLegendEntry.h; sourceTree = "<group>"; };
		DAAFE25C16E0BAFB005BD261 /* CPTLimitBand.h */ = {isa = PBXFileReference; fileEncoding = 4; lastKnownFileType = sourcecode.c.h; path = CPTLimitBand.h; sourceTree = "<group>"; };
		DAAFE25D16E0BAFB005BD261 /* CPTLineCap.h */ = {isa = PBXFileReference; fileEncoding = 4; lastKnownFileType = sourcecode.c.h; path = CPTLineCap.h; sourceTree = "<group>"; };
		DAAFE25E16E0BAFB005BD261 /* CPTLineStyle.h */ = {isa = PBXFileReference; fileEncoding = 4; lastKnownFileType = sourcecode.c.h; path = CPTLineStyle.h; sourceTree = "<group>"; };
		DAAFE25F16E0BAFB005BD261 /* CPTMutableLineStyle.h */ = {isa = PBXFileReference; fileEncoding = 4; lastKnownFileType = sourcecode.c.h; path = CPTMutableLineStyle.h; sourceTree = "<group>"; };
		DAAFE26016E0BAFB005BD261 /* CPTMutableNumericData+TypeConversion.h */ = {isa = PBXFileReference; fileEncoding = 4; lastKnownFileType = sourcecode.c.h; path = "CPTMutableNumericData+TypeConversion.h"; sourceTree = "<group>"; };
		DAAFE26116E0BAFB005BD261 /* CPTMutableNumericData.h */ = {isa = PBXFileReference; fileEncoding = 4; lastKnownFileType = sourcecode.c.h; path = CPTMutableNumericData.h; sourceTree = "<group>"; };
		DAAFE26216E0BAFB005BD261 /* CPTMutablePlotRange.h */ = {isa = PBXFileReference; fileEncoding = 4; lastKnownFileType = sourcecode.c.h; path = CPTMutablePlotRange.h; sourceTree = "<group>"; };
		DAAFE26316E0BAFB005BD261 /* CPTMutableShadow.h */ = {isa = PBXFileReference; fileEncoding = 4; lastKnownFileType = sourcecode.c.h; path = CPTMutableShadow.h; sourceTree = "<group>"; };
		DAAFE26416E0BAFB005BD261 /* CPTMutableTextStyle.h */ = {isa = PBXFileReference; fileEncoding = 4; lastKnownFileType = sourcecode.c.h; path = CPTMutableTextStyle.h; sourceTree = "<group>"; };
		DAAFE26516E0BAFB005BD261 /* CPTNumericData+TypeConversion.h */ = {isa = PBXFileReference; fileEncoding = 4; lastKnownFileType = sourcecode.c.h; path = "CPTNumericData+TypeConversion.h"; sourceTree = "<group>"; };
		DAAFE26616E0BAFB005BD261 /* CPTNumericData.h */ = {isa = PBXFileReference; fileEncoding = 4; lastKnownFileType = sourcecode.c.h; path = CPTNumericData.h; sourceTree = "<group>"; };
		DAAFE26716E0BAFB005BD261 /* CPTNumericDataType.h */ = {isa = PBXFileReference; fileEncoding = 4; lastKnownFileType = sourcecode.c.h; path = CPTNumericDataType.h; sourceTree = "<group>"; };
		DAAFE26816E0BAFB005BD261 /* CPTPathExtensions.h */ = {isa = PBXFileReference; fileEncoding = 4; lastKnownFileType = sourcecode.c.h; path = CPTPathExtensions.h; sourceTree = "<group>"; };
		DAAFE26916E0BAFB005BD261 /* CPTPieChart.h */ = {isa = PBXFileReference; fileEncoding = 4; lastKnownFileType = sourcecode.c.h; path = CPTPieChart.h; sourceTree = "<group>"; };
		DAAFE26A16E0BAFB005BD261 /* CPTPlatformSpecificCategories.h */ = {isa = PBXFileReference; fileEncoding = 4; lastKnownFileType = sourcecode.c.h; path = CPTPlatformSpecificCategories.h; sourceTree = "<group>"; };
		DAAFE26B16E0BAFB005BD261 /* CPTPlatformSpecificDefines.h */ = {isa = PBXFileReference; fileEncoding = 4; lastKnownFileType = sourcecode.c.h; path = CPTPlatformSpecificDefines.h; sourceTree = "<group>"; };
		DAAFE26C16E0BAFB005BD261 /* CPTPlatformSpecificFunctions.h */ = {isa = PBXFileReference; fileEncoding = 4; lastKnownFileType = sourcecode.c.h; path = CPTPlatformSpecificFunctions.h; sourceTree = "<group>"; };
		DAAFE26D16E0BAFB005BD261 /* CPTPlot.h */ = {isa = PBXFileReference; fileEncoding = 4; lastKnownFileType = sourcecode.c.h; path = CPTPlot.h; sourceTree = "<group>"; };
		DAAFE26E16E0BAFB005BD261 /* CPTPlotArea.h */ = {isa = PBXFileReference; fileEncoding = 4; lastKnownFileType = sourcecode.c.h; path = CPTPlotArea.h; sourceTree = "<group>"; };
		DAAFE26F16E0BAFB005BD261 /* CPTPlotAreaFrame.h */ = {isa = PBXFileReference; fileEncoding = 4; lastKnownFileType = sourcecode.c.h; path = CPTPlotAreaFrame.h; sourceTree = "<group>"; };
		DAAFE27016E0BAFB005BD261 /* CPTPlotGroup.h */ = {isa = PBXFileReference; fileEncoding = 4; lastKnownFileType = sourcecode.c.h; path = CPTPlotGroup.h; sourceTree = "<group>"; };
		DAAFE27116E0BAFB005BD261 /* CPTPlotRange.h */ = {isa = PBXFileReference; fileEncoding = 4; lastKnownFileType = sourcecode.c.h; path = CPTPlotRange.h; sourceTree = "<group>"; };
		DAAFE27216E0BAFB005BD261 /* CPTPlotSpace.h */ = {isa = PBXFileReference; fileEncoding = 4; lastKnownFileType = sourcecode.c.h; path = CPTPlotSpace.h; sourceTree = "<group>"; };
		DAAFE27316E0BAFB005BD261 /* CPTPlotSpaceAnnotation.h */ = {isa = PBXFileReference; fileEncoding = 4; lastKnownFileType = sourcecode.c.h; path = CPTPlotSpaceAnnotation.h; sourceTree = "<group>"; };
		DAAFE27416E0BAFB005BD261 /* CPTPlotSymbol.h */ = {isa = PBXFileReference; fileEncoding = 4; lastKnownFileType = sourcecode.c.h; path = CPTPlotSymbol.h; sourceTree = "<group>"; };
		DAAFE27516E0BAFB005BD261 /* CPTRangePlot.h */ = {isa = PBXFileReference; fileEncoding = 4; lastKnownFileType = sourcecode.c.h; path = CPTRangePlot.h; sourceTree = "<group>"; };
		DAAFE27616E0BAFB005BD261 /* CPTResponder.h */ = {isa = PBXFileReference; fileEncoding = 4; lastKnownFileType = sourcecode.c.h; path = CPTResponder.h; sourceTree = "<group>"; };
		DAAFE27716E0BAFB005BD261 /* CPTScatterPlot.h */ = {isa = PBXFileReference; fileEncoding = 4; lastKnownFileType = sourcecode.c.h; path = CPTScatterPlot.h; sourceTree = "<group>"; };
		DAAFE27816E0BAFB005BD261 /* CPTShadow.h */ = {isa = PBXFileReference; fileEncoding = 4; lastKnownFileType = sourcecode.c.h; path = CPTShadow.h; sourceTree = "<group>"; };
		DAAFE27916E0BAFB005BD261 /* CPTTestCase.h */ = {isa = PBXFileReference; fileEncoding = 4; lastKnownFileType = sourcecode.c.h; path = CPTTestCase.h; sourceTree = "<group>"; };
		DAAFE27A16E0BAFB005BD261 /* CPTTextLayer.h */ = {isa = PBXFileReference; fileEncoding = 4; lastKnownFileType = sourcecode.c.h; path = CPTTextLayer.h; sourceTree = "<group>"; };
		DAAFE27B16E0BAFB005BD261 /* CPTTextStyle.h */ = {isa = PBXFileReference; fileEncoding = 4; lastKnownFileType = sourcecode.c.h; path = CPTTextStyle.h; sourceTree = "<group>"; };
		DAAFE27C16E0BAFB005BD261 /* CPTTextStylePlatformSpecific.h */ = {isa = PBXFileReference; fileEncoding = 4; lastKnownFileType = sourcecode.c.h; path = CPTTextStylePlatformSpecific.h; sourceTree = "<group>"; };
		DAAFE27D16E0BAFB005BD261 /* CPTTheme.h */ = {isa = PBXFileReference; fileEncoding = 4; lastKnownFileType = sourcecode.c.h; path = CPTTheme.h; sourceTree = "<group>"; };
		DAAFE27E16E0BAFB005BD261 /* CPTTimeFormatter.h */ = {isa = PBXFileReference; fileEncoding = 4; lastKnownFileType = sourcecode.c.h; path = CPTTimeFormatter.h; sourceTree = "<group>"; };
		DAAFE27F16E0BAFB005BD261 /* CPTTradingRangePlot.h */ = {isa = PBXFileReference; fileEncoding = 4; lastKnownFileType = sourcecode.c.h; path = CPTTradingRangePlot.h; sourceTree = "<group>"; };
		DAAFE28016E0BAFB005BD261 /* CPTUtilities.h */ = {isa = PBXFileReference; fileEncoding = 4; lastKnownFileType = sourcecode.c.h; path = CPTUtilities.h; sourceTree = "<group>"; };
		DAAFE28116E0BAFB005BD261 /* CPTXYAxis.h */ = {isa = PBXFileReference; fileEncoding = 4; lastKnownFileType = sourcecode.c.h; path = CPTXYAxis.h; sourceTree = "<group>"; };
		DAAFE28216E0BAFB005BD261 /* CPTXYAxisSet.h */ = {isa = PBXFileReference; fileEncoding = 4; lastKnownFileType = sourcecode.c.h; path = CPTXYAxisSet.h; sourceTree = "<group>"; };
		DAAFE28316E0BAFB005BD261 /* CPTXYGraph.h */ = {isa = PBXFileReference; fileEncoding = 4; lastKnownFileType = sourcecode.c.h; path = CPTXYGraph.h; sourceTree = "<group>"; };
		DAAFE28416E0BAFB005BD261 /* CPTXYPlotSpace.h */ = {isa = PBXFileReference; fileEncoding = 4; lastKnownFileType = sourcecode.c.h; path = CPTXYPlotSpace.h; sourceTree = "<group>"; };
		DAAFE28516E0BAFB005BD261 /* mainpage.h */ = {isa = PBXFileReference; fileEncoding = 4; lastKnownFileType = sourcecode.c.h; path = mainpage.h; sourceTree = "<group>"; };
		DAAFE28616E0BAFB005BD261 /* NSCoderExtensions.h */ = {isa = PBXFileReference; fileEncoding = 4; lastKnownFileType = sourcecode.c.h; path = NSCoderExtensions.h; sourceTree = "<group>"; };
		DAAFE28716E0BAFB005BD261 /* NSDecimalNumberExtensions.h */ = {isa = PBXFileReference; fileEncoding = 4; lastKnownFileType = sourcecode.c.h; path = NSDecimalNumberExtensions.h; sourceTree = "<group>"; };
		DAAFE28816E0BAFB005BD261 /* NSNumberExtensions.h */ = {isa = PBXFileReference; fileEncoding = 4; lastKnownFileType = sourcecode.c.h; path = NSNumberExtensions.h; sourceTree = "<group>"; };
		DAAFE28916E0BAFB005BD261 /* libCorePlot-CocoaTouch.a */ = {isa = PBXFileReference; lastKnownFileType = archive.ar; path = "libCorePlot-CocoaTouch.a"; sourceTree = "<group>"; };
		DAAFE28B16E0BAFB005BD261 /* TUTSimpleScatterPlot.h */ = {isa = PBXFileReference; fileEncoding = 4; lastKnownFileType = sourcecode.c.h; path = TUTSimpleScatterPlot.h; sourceTree = "<group>"; };
		DAAFE28C16E0BAFB005BD261 /* TUTSimpleScatterPlot.m */ = {isa = PBXFileReference; fileEncoding = 4; lastKnownFileType = sourcecode.c.objc; path = TUTSimpleScatterPlot.m; sourceTree = "<group>"; };
		DAAFE29016E0BC78005BD261 /* graphQuizViewController.h */ = {isa = PBXFileReference; fileEncoding = 4; lastKnownFileType = sourcecode.c.h; path = graphQuizViewController.h; sourceTree = "<group>"; };
		DAAFE29116E0BC78005BD261 /* graphQuizViewController.m */ = {isa = PBXFileReference; fileEncoding = 4; lastKnownFileType = sourcecode.c.objc; path = graphQuizViewController.m; sourceTree = "<group>"; };
		DAAFE29316E0BD21005BD261 /* QuartzCore.framework */ = {isa = PBXFileReference; lastKnownFileType = wrapper.framework; name = QuartzCore.framework; path = System/Library/Frameworks/QuartzCore.framework; sourceTree = SDKROOT; };
		DAAFE29616E0C8C7005BD261 /* graphDifficulties.h */ = {isa = PBXFileReference; fileEncoding = 4; lastKnownFileType = sourcecode.c.h; path = graphDifficulties.h; sourceTree = "<group>"; };
		DAAFE29716E0C8C7005BD261 /* graphDifficulties.m */ = {isa = PBXFileReference; fileEncoding = 4; lastKnownFileType = sourcecode.c.objc; path = graphDifficulties.m; sourceTree = "<group>"; };
		DAB03BD716CE3E2100B5EE64 /* volAreaDifficulties.h */ = {isa = PBXFileReference; fileEncoding = 4; lastKnownFileType = sourcecode.c.h; name = volAreaDifficulties.h; path = ../volAreaDifficulties.h; sourceTree = "<group>"; };
		DAB03BD816CE3E2100B5EE64 /* volAreaDifficulties.m */ = {isa = PBXFileReference; fileEncoding = 4; lastKnownFileType = sourcecode.c.objc; name = volAreaDifficulties.m; path = ../volAreaDifficulties.m; sourceTree = "<group>"; };
		DAB03BDA16CE504800B5EE64 /* trigDifficulties.h */ = {isa = PBXFileReference; fileEncoding = 4; lastKnownFileType = sourcecode.c.h; path = trigDifficulties.h; sourceTree = "<group>"; };
		DAB03BDB16CE504800B5EE64 /* trigDifficulties.m */ = {isa = PBXFileReference; fileEncoding = 4; lastKnownFileType = sourcecode.c.objc; path = trigDifficulties.m; sourceTree = "<group>"; };
		DAB03BDD16CE579800B5EE64 /* T1.jpg */ = {isa = PBXFileReference; lastKnownFileType = image.jpeg; path = T1.jpg; sourceTree = "<group>"; };
		DAB03BDF16CE57A200B5EE64 /* VA1.jpg */ = {isa = PBXFileReference; lastKnownFileType = image.jpeg; path = VA1.jpg; sourceTree = "<group>"; };
		DAE6253C16B9533F00DCA45A /* AlgebraDifficulties.h */ = {isa = PBXFileReference; fileEncoding = 4; lastKnownFileType = sourcecode.c.h; path = AlgebraDifficulties.h; sourceTree = "<group>"; };
		DAE6253D16B9533F00DCA45A /* AlgebraDifficulties.m */ = {isa = PBXFileReference; fileEncoding = 4; lastKnownFileType = sourcecode.c.objc; path = AlgebraDifficulties.m; sourceTree = "<group>"; };
/* End PBXFileReference section */

/* Begin PBXFrameworksBuildPhase section */
		DA47F3AD1652B2DD00CCE464 /* Frameworks */ = {
			isa = PBXFrameworksBuildPhase;
			buildActionMask = 2147483647;
			files = (
				DAAFE29416E0BD21005BD261 /* QuartzCore.framework in Frameworks */,
				DA47F3B51652B2DD00CCE464 /* UIKit.framework in Frameworks */,
				DA47F3B71652B2DD00CCE464 /* Foundation.framework in Frameworks */,
				DA47F3B91652B2DD00CCE464 /* CoreGraphics.framework in Frameworks */,
				DAAFE29516E0BE7F005BD261 /* libCorePlot-CocoaTouch.a in Frameworks */,
			);
			runOnlyForDeploymentPostprocessing = 0;
		};
/* End PBXFrameworksBuildPhase section */

/* Begin PBXGroup section */
		DA47F3A51652B2DD00CCE464 = {
			isa = PBXGroup;
			children = (
				DAAFE29316E0BD21005BD261 /* QuartzCore.framework */,
				DA47F3BA1652B2DD00CCE464 /* STEMTutorial */,
				DA47F3B31652B2DD00CCE464 /* Frameworks */,
				DA47F3B11652B2DD00CCE464 /* Products */,
			);
			sourceTree = "<group>";
		};
		DA47F3B11652B2DD00CCE464 /* Products */ = {
			isa = PBXGroup;
			children = (
				DA47F3B01652B2DD00CCE464 /* STEMTutorial.app */,
			);
			name = Products;
			sourceTree = "<group>";
		};
		DA47F3B31652B2DD00CCE464 /* Frameworks */ = {
			isa = PBXGroup;
			children = (
				DA47F3B41652B2DD00CCE464 /* UIKit.framework */,
				DA47F3B61652B2DD00CCE464 /* Foundation.framework */,
				DA47F3B81652B2DD00CCE464 /* CoreGraphics.framework */,
			);
			name = Frameworks;
			sourceTree = "<group>";
		};
		DA47F3BA1652B2DD00CCE464 /* STEMTutorial */ = {
			isa = PBXGroup;
			children = (
				DA47F3C31652B2DD00CCE464 /* AppDelegate.h */,
				DA47F3C41652B2DD00CCE464 /* AppDelegate.m */,
				DA47F3C61652B2DD00CCE464 /* MainStoryboard.storyboard */,
				DAAFE23D16E0BAFB005BD261 /* lib */,
				DAAFE28B16E0BAFB005BD261 /* TUTSimpleScatterPlot.h */,
				DAAFE28C16E0BAFB005BD261 /* TUTSimpleScatterPlot.m */,
				DAAB64BA16A84D1F001EDC79 /* algebraTutViewController.h */,
				DAAB64BB16A84D1F001EDC79 /* algebraTutViewController.m */,
				DAB03BD716CE3E2100B5EE64 /* volAreaDifficulties.h */,
				DAB03BD816CE3E2100B5EE64 /* volAreaDifficulties.m */,
				DAE6253C16B9533F00DCA45A /* AlgebraDifficulties.h */,
				DAE6253D16B9533F00DCA45A /* AlgebraDifficulties.m */,
				DAB03BDA16CE504800B5EE64 /* trigDifficulties.h */,
				DAB03BDB16CE504800B5EE64 /* trigDifficulties.m */,
				DAAFE29616E0C8C7005BD261 /* graphDifficulties.h */,
				DAAFE29716E0C8C7005BD261 /* graphDifficulties.m */,
				DA47F3C91652B2DD00CCE464 /* ViewController.h */,
				DAABEC4816E4C886008CE20E /* trigTestViewController.h */,
				DAABEC4916E4C886008CE20E /* trigTestViewController.m */,
				DAABEC4516E4BF3D008CE20E /* VolAreaTestViewController.h */,
				DAABEC4616E4BF3D008CE20E /* VolAreaTestViewController.m */,
				DAABEC4116E4B0F9008CE20E /* algebraTestViewController.h */,
				DAABEC4216E4B0F9008CE20E /* algebraTestViewController.m */,
				DAAFE29016E0BC78005BD261 /* graphQuizViewController.h */,
				DAAFE29116E0BC78005BD261 /* graphQuizViewController.m */,
				DA220E8B1695DAAC004A58D6 /* trigQuizViewController.h */,
				DA220E8C1695DAAC004A58D6 /* trigQuizViewController.m */,
				DAA25A8D167B4318007AA6CD /* volAreaQuizViewController.h */,
				DAA25A8E167B4318007AA6CD /* volAreaQuizViewController.m */,
				DA9A673F1655835200CC679C /* algebraQuizViewController.h */,
				DA9A67401655835200CC679C /* algebraQuizViewController.m */,
				DAA2599016CD6BC5007F8925 /* allSummaryViewController.h */,
				DAA2599116CD6BC5007F8925 /* allSummaryViewController.m */,
				DA47F3CA1652B2DD00CCE464 /* ViewController.m */,
				DA47F3BB1652B2DD00CCE464 /* Supporting Files */,
			);
			path = STEMTutorial;
			sourceTree = "<group>";
		};
		DA47F3BB1652B2DD00CCE464 /* Supporting Files */ = {
			isa = PBXGroup;
			children = (
				DAB03BDF16CE57A200B5EE64 /* VA1.jpg */,
				DAB03BDD16CE579800B5EE64 /* T1.jpg */,
				DA52187C16A8501C0023EF1A /* 1.jpg */,
				DA52187D16A8501C0023EF1A /* 2.jpg */,
				DA52187E16A8501C0023EF1A /* 3.jpg */,
				DA52187F16A8501C0023EF1A /* 4.jpg */,
				DA52188016A8501C0023EF1A /* 5.jpg */,
				DA52188116A8501C0023EF1A /* 6.jpg */,
				DA52188216A8501C0023EF1A /* 7.jpg */,
				DA52188316A8501C0023EF1A /* 8.JPG */,
				DA52188416A8501C0023EF1A /* 9.jpg */,
				DA52188516A8501C0023EF1A /* 10.jpg */,
				DA52188616A8501C0023EF1A /* 11.jpg */,
				DAAB64B116A81EAF001EDC79 /* trigd2triangle.jpg */,
				DA47F3D31652B30900CCE464 /* chalkboard.jpg */,
				DA47F3D11652B2FC00CCE464 /* title.jpg */,
				DA47F3BC1652B2DD00CCE464 /* STEMTutorial-Info.plist */,
				DA47F3BD1652B2DD00CCE464 /* InfoPlist.strings */,
				DA47F3C01652B2DD00CCE464 /* main.m */,
				DA47F3C21652B2DD00CCE464 /* STEMTutorial-Prefix.pch */,
			);
			name = "Supporting Files";
			sourceTree = "<group>";
		};
		DAAFE23D16E0BAFB005BD261 /* lib */ = {
			isa = PBXGroup;
			children = (
				DAAFE23E16E0BAFB005BD261 /* CorePlotHeaders */,
				DAAFE28916E0BAFB005BD261 /* libCorePlot-CocoaTouch.a */,
			);
			path = lib;
			sourceTree = "<group>";
		};
		DAAFE23E16E0BAFB005BD261 /* CorePlotHeaders */ = {
			isa = PBXGroup;
			children = (
				DAAFE23F16E0BAFB005BD261 /* CorePlot-CocoaTouch.h */,
				DAAFE24016E0BAFB005BD261 /* CPTAnnotation.h */,
				DAAFE24116E0BAFB005BD261 /* CPTAnnotationHostLayer.h */,
				DAAFE24216E0BAFB005BD261 /* CPTAxis.h */,
				DAAFE24316E0BAFB005BD261 /* CPTAxisLabel.h */,
				DAAFE24416E0BAFB005BD261 /* CPTAxisLabelGroup.h */,
				DAAFE24516E0BAFB005BD261 /* CPTAxisSet.h */,
				DAAFE24616E0BAFB005BD261 /* CPTAxisTitle.h */,
				DAAFE24716E0BAFB005BD261 /* CPTBarPlot.h */,
				DAAFE24816E0BAFB005BD261 /* CPTBorderedLayer.h */,
				DAAFE24916E0BAFB005BD261 /* CPTCalendarFormatter.h */,
				DAAFE24A16E0BAFB005BD261 /* CPTColor.h */,
				DAAFE24B16E0BAFB005BD261 /* CPTColorSpace.h */,
				DAAFE24C16E0BAFB005BD261 /* CPTConstraints.h */,
				DAAFE24D16E0BAFB005BD261 /* CPTDataSourceTestCase.h */,
				DAAFE24E16E0BAFB005BD261 /* CPTDefinitions.h */,
				DAAFE24F16E0BAFB005BD261 /* CPTDerivedXYGraph.h */,
				DAAFE25016E0BAFB005BD261 /* CPTExceptions.h */,
				DAAFE25116E0BAFB005BD261 /* CPTFill.h */,
				DAAFE25216E0BAFB005BD261 /* CPTGradient.h */,
				DAAFE25316E0BAFB005BD261 /* CPTGraph.h */,
				DAAFE25416E0BAFB005BD261 /* CPTGraphHostingView.h */,
				DAAFE25516E0BAFB005BD261 /* CPTGridLineGroup.h */,
				DAAFE25616E0BAFB005BD261 /* CPTGridLines.h */,
				DAAFE25716E0BAFB005BD261 /* CPTImage.h */,
				DAAFE25816E0BAFB005BD261 /* CPTLayer.h */,
				DAAFE25916E0BAFB005BD261 /* CPTLayerAnnotation.h */,
				DAAFE25A16E0BAFB005BD261 /* CPTLegend.h */,
				DAAFE25B16E0BAFB005BD261 /* CPTLegendEntry.h */,
				DAAFE25C16E0BAFB005BD261 /* CPTLimitBand.h */,
				DAAFE25D16E0BAFB005BD261 /* CPTLineCap.h */,
				DAAFE25E16E0BAFB005BD261 /* CPTLineStyle.h */,
				DAAFE25F16E0BAFB005BD261 /* CPTMutableLineStyle.h */,
				DAAFE26016E0BAFB005BD261 /* CPTMutableNumericData+TypeConversion.h */,
				DAAFE26116E0BAFB005BD261 /* CPTMutableNumericData.h */,
				DAAFE26216E0BAFB005BD261 /* CPTMutablePlotRange.h */,
				DAAFE26316E0BAFB005BD261 /* CPTMutableShadow.h */,
				DAAFE26416E0BAFB005BD261 /* CPTMutableTextStyle.h */,
				DAAFE26516E0BAFB005BD261 /* CPTNumericData+TypeConversion.h */,
				DAAFE26616E0BAFB005BD261 /* CPTNumericData.h */,
				DAAFE26716E0BAFB005BD261 /* CPTNumericDataType.h */,
				DAAFE26816E0BAFB005BD261 /* CPTPathExtensions.h */,
				DAAFE26916E0BAFB005BD261 /* CPTPieChart.h */,
				DAAFE26A16E0BAFB005BD261 /* CPTPlatformSpecificCategories.h */,
				DAAFE26B16E0BAFB005BD261 /* CPTPlatformSpecificDefines.h */,
				DAAFE26C16E0BAFB005BD261 /* CPTPlatformSpecificFunctions.h */,
				DAAFE26D16E0BAFB005BD261 /* CPTPlot.h */,
				DAAFE26E16E0BAFB005BD261 /* CPTPlotArea.h */,
				DAAFE26F16E0BAFB005BD261 /* CPTPlotAreaFrame.h */,
				DAAFE27016E0BAFB005BD261 /* CPTPlotGroup.h */,
				DAAFE27116E0BAFB005BD261 /* CPTPlotRange.h */,
				DAAFE27216E0BAFB005BD261 /* CPTPlotSpace.h */,
				DAAFE27316E0BAFB005BD261 /* CPTPlotSpaceAnnotation.h */,
				DAAFE27416E0BAFB005BD261 /* CPTPlotSymbol.h */,
				DAAFE27516E0BAFB005BD261 /* CPTRangePlot.h */,
				DAAFE27616E0BAFB005BD261 /* CPTResponder.h */,
				DAAFE27716E0BAFB005BD261 /* CPTScatterPlot.h */,
				DAAFE27816E0BAFB005BD261 /* CPTShadow.h */,
				DAAFE27916E0BAFB005BD261 /* CPTTestCase.h */,
				DAAFE27A16E0BAFB005BD261 /* CPTTextLayer.h */,
				DAAFE27B16E0BAFB005BD261 /* CPTTextStyle.h */,
				DAAFE27C16E0BAFB005BD261 /* CPTTextStylePlatformSpecific.h */,
				DAAFE27D16E0BAFB005BD261 /* CPTTheme.h */,
				DAAFE27E16E0BAFB005BD261 /* CPTTimeFormatter.h */,
				DAAFE27F16E0BAFB005BD261 /* CPTTradingRangePlot.h */,
				DAAFE28016E0BAFB005BD261 /* CPTUtilities.h */,
				DAAFE28116E0BAFB005BD261 /* CPTXYAxis.h */,
				DAAFE28216E0BAFB005BD261 /* CPTXYAxisSet.h */,
				DAAFE28316E0BAFB005BD261 /* CPTXYGraph.h */,
				DAAFE28416E0BAFB005BD261 /* CPTXYPlotSpace.h */,
				DAAFE28516E0BAFB005BD261 /* mainpage.h */,
				DAAFE28616E0BAFB005BD261 /* NSCoderExtensions.h */,
				DAAFE28716E0BAFB005BD261 /* NSDecimalNumberExtensions.h */,
				DAAFE28816E0BAFB005BD261 /* NSNumberExtensions.h */,
			);
			path = CorePlotHeaders;
			sourceTree = "<group>";
		};
/* End PBXGroup section */

/* Begin PBXNativeTarget section */
		DA47F3AF1652B2DD00CCE464 /* STEMTutorial */ = {
			isa = PBXNativeTarget;
			buildConfigurationList = DA47F3CE1652B2DD00CCE464 /* Build configuration list for PBXNativeTarget "STEMTutorial" */;
			buildPhases = (
				DA47F3AC1652B2DD00CCE464 /* Sources */,
				DA47F3AD1652B2DD00CCE464 /* Frameworks */,
				DA47F3AE1652B2DD00CCE464 /* Resources */,
			);
			buildRules = (
			);
			dependencies = (
			);
			name = STEMTutorial;
			productName = STEMTutorial;
			productReference = DA47F3B01652B2DD00CCE464 /* STEMTutorial.app */;
			productType = "com.apple.product-type.application";
		};
/* End PBXNativeTarget section */

/* Begin PBXProject section */
		DA47F3A71652B2DD00CCE464 /* Project object */ = {
			isa = PBXProject;
			attributes = {
				LastUpgradeCheck = 0420;
			};
			buildConfigurationList = DA47F3AA1652B2DD00CCE464 /* Build configuration list for PBXProject "STEMTutorial" */;
			compatibilityVersion = "Xcode 3.2";
			developmentRegion = English;
			hasScannedForEncodings = 0;
			knownRegions = (
				en,
			);
			mainGroup = DA47F3A51652B2DD00CCE464;
			productRefGroup = DA47F3B11652B2DD00CCE464 /* Products */;
			projectDirPath = "";
			projectRoot = "";
			targets = (
				DA47F3AF1652B2DD00CCE464 /* STEMTutorial */,
			);
		};
/* End PBXProject section */

/* Begin PBXResourcesBuildPhase section */
		DA47F3AE1652B2DD00CCE464 /* Resources */ = {
			isa = PBXResourcesBuildPhase;
			buildActionMask = 2147483647;
			files = (
				DA47F3BF1652B2DD00CCE464 /* InfoPlist.strings in Resources */,
				DA47F3C81652B2DD00CCE464 /* MainStoryboard.storyboard in Resources */,
				DA47F3D21652B2FC00CCE464 /* title.jpg in Resources */,
				DA47F3D41652B30900CCE464 /* chalkboard.jpg in Resources */,
				DAAB64B216A81EAF001EDC79 /* trigd2triangle.jpg in Resources */,
				DA52188716A8501C0023EF1A /* 1.jpg in Resources */,
				DA52188816A8501C0023EF1A /* 2.jpg in Resources */,
				DA52188916A8501C0023EF1A /* 3.jpg in Resources */,
				DA52188A16A8501C0023EF1A /* 4.jpg in Resources */,
				DA52188B16A8501C0023EF1A /* 5.jpg in Resources */,
				DA52188C16A8501C0023EF1A /* 6.jpg in Resources */,
				DA52188D16A8501C0023EF1A /* 7.jpg in Resources */,
				DA52188E16A8501C0023EF1A /* 8.JPG in Resources */,
				DA52188F16A8501C0023EF1A /* 9.jpg in Resources */,
				DA52189016A8501C0023EF1A /* 10.jpg in Resources */,
				DA52189116A8501C0023EF1A /* 11.jpg in Resources */,
				DAB03BDE16CE579800B5EE64 /* T1.jpg in Resources */,
				DAB03BE016CE57A200B5EE64 /* VA1.jpg in Resources */,
			);
			runOnlyForDeploymentPostprocessing = 0;
		};
/* End PBXResourcesBuildPhase section */

/* Begin PBXSourcesBuildPhase section */
		DA47F3AC1652B2DD00CCE464 /* Sources */ = {
			isa = PBXSourcesBuildPhase;
			buildActionMask = 2147483647;
			files = (
				DA47F3C11652B2DD00CCE464 /* main.m in Sources */,
				DA47F3C51652B2DD00CCE464 /* AppDelegate.m in Sources */,
				DA47F3CB1652B2DD00CCE464 /* ViewController.m in Sources */,
				DA9A67411655835200CC679C /* algebraQuizViewController.m in Sources */,
				DAA25A8F167B4318007AA6CD /* volAreaQuizViewController.m in Sources */,
				DA220E8D1695DAAC004A58D6 /* trigQuizViewController.m in Sources */,
				DAAB64BC16A84D20001EDC79 /* algebraTutViewController.m in Sources */,
				DAE6253E16B9533F00DCA45A /* AlgebraDifficulties.m in Sources */,
				DAA2599216CD6BC5007F8925 /* allSummaryViewController.m in Sources */,
				DAB03BD916CE3E2100B5EE64 /* volAreaDifficulties.m in Sources */,
				DAB03BDC16CE504800B5EE64 /* trigDifficulties.m in Sources */,
				DAAFE28F16E0BAFC005BD261 /* TUTSimpleScatterPlot.m in Sources */,
				DAAFE29216E0BC78005BD261 /* graphQuizViewController.m in Sources */,
				DAAFE29816E0C8C7005BD261 /* graphDifficulties.m in Sources */,
				DAABEC4316E4B0F9008CE20E /* algebraTestViewController.m in Sources */,
				DAABEC4716E4BF3D008CE20E /* VolAreaTestViewController.m in Sources */,
				DAABEC4A16E4C886008CE20E /* trigTestViewController.m in Sources */,
			);
			runOnlyForDeploymentPostprocessing = 0;
		};
/* End PBXSourcesBuildPhase section */

/* Begin PBXVariantGroup section */
		DA47F3BD1652B2DD00CCE464 /* InfoPlist.strings */ = {
			isa = PBXVariantGroup;
			children = (
				DA47F3BE1652B2DD00CCE464 /* en */,
			);
			name = InfoPlist.strings;
			sourceTree = "<group>";
		};
		DA47F3C61652B2DD00CCE464 /* MainStoryboard.storyboard */ = {
			isa = PBXVariantGroup;
			children = (
				DA47F3C71652B2DD00CCE464 /* en */,
			);
			name = MainStoryboard.storyboard;
			sourceTree = "<group>";
		};
/* End PBXVariantGroup section */

/* Begin XCBuildConfiguration section */
		DA47F3CC1652B2DD00CCE464 /* Debug */ = {
			isa = XCBuildConfiguration;
			buildSettings = {
				ALWAYS_SEARCH_USER_PATHS = NO;
				ARCHS = "$(ARCHS_STANDARD_32_BIT)";
				CLANG_ENABLE_OBJC_ARC = YES;
				"CODE_SIGN_IDENTITY[sdk=iphoneos*]" = "iPhone Developer";
				COPY_PHASE_STRIP = NO;
				GCC_C_LANGUAGE_STANDARD = gnu99;
				GCC_DYNAMIC_NO_PIC = NO;
				GCC_OPTIMIZATION_LEVEL = 0;
				GCC_PREPROCESSOR_DEFINITIONS = (
					"DEBUG=1",
					"$(inherited)",
				);
				GCC_SYMBOLS_PRIVATE_EXTERN = NO;
				GCC_VERSION = com.apple.compilers.llvm.clang.1_0;
				GCC_WARN_ABOUT_MISSING_PROTOTYPES = YES;
				GCC_WARN_ABOUT_RETURN_TYPE = YES;
				GCC_WARN_UNUSED_VARIABLE = YES;
				IPHONEOS_DEPLOYMENT_TARGET = 5.0;
				SDKROOT = iphoneos;
			};
			name = Debug;
		};
		DA47F3CD1652B2DD00CCE464 /* Release */ = {
			isa = XCBuildConfiguration;
			buildSettings = {
				ALWAYS_SEARCH_USER_PATHS = NO;
				ARCHS = "$(ARCHS_STANDARD_32_BIT)";
				CLANG_ENABLE_OBJC_ARC = YES;
				"CODE_SIGN_IDENTITY[sdk=iphoneos*]" = "iPhone Developer";
				COPY_PHASE_STRIP = YES;
				GCC_C_LANGUAGE_STANDARD = gnu99;
				GCC_VERSION = com.apple.compilers.llvm.clang.1_0;
				GCC_WARN_ABOUT_MISSING_PROTOTYPES = YES;
				GCC_WARN_ABOUT_RETURN_TYPE = YES;
				GCC_WARN_UNUSED_VARIABLE = YES;
				IPHONEOS_DEPLOYMENT_TARGET = 5.0;
				OTHER_CFLAGS = "-DNS_BLOCK_ASSERTIONS=1";
				SDKROOT = iphoneos;
				VALIDATE_PRODUCT = YES;
			};
			name = Release;
		};
		DA47F3CF1652B2DD00CCE464 /* Debug */ = {
			isa = XCBuildConfiguration;
			buildSettings = {
				GCC_PRECOMPILE_PREFIX_HEADER = YES;
				GCC_PREFIX_HEADER = "STEMTutorial/STEMTutorial-Prefix.pch";
				INFOPLIST_FILE = "STEMTutorial/STEMTutorial-Info.plist";
				LIBRARY_SEARCH_PATHS = (
					"$(inherited)",
					"\"$(SRCROOT)/STEMTutorial/lib\"",
					"\"$(SRCROOT)/STEMTutorial\"",
				);
				OTHER_LDFLAGS = (
					"-ObjC",
					"-all_load",
				);
				PRODUCT_NAME = "$(TARGET_NAME)";
				WRAPPER_EXTENSION = app;
			};
			name = Debug;
		};
		DA47F3D01652B2DD00CCE464 /* Release */ = {
			isa = XCBuildConfiguration;
			buildSettings = {
				GCC_PRECOMPILE_PREFIX_HEADER = YES;
				GCC_PREFIX_HEADER = "STEMTutorial/STEMTutorial-Prefix.pch";
				INFOPLIST_FILE = "STEMTutorial/STEMTutorial-Info.plist";
				LIBRARY_SEARCH_PATHS = (
					"$(inherited)",
					"\"$(SRCROOT)/STEMTutorial/lib\"",
					"\"$(SRCROOT)/STEMTutorial\"",
				);
				OTHER_LDFLAGS = (
					"-ObjC",
					"-all_load",
				);
				PRODUCT_NAME = "$(TARGET_NAME)";
				WRAPPER_EXTENSION = app;
			};
			name = Release;
		};
/* End XCBuildConfiguration section */

/* Begin XCConfigurationList section */
		DA47F3AA1652B2DD00CCE464 /* Build configuration list for PBXProject "STEMTutorial" */ = {
			isa = XCConfigurationList;
			buildConfigurations = (
				DA47F3CC1652B2DD00CCE464 /* Debug */,
				DA47F3CD1652B2DD00CCE464 /* Release */,
			);
			defaultConfigurationIsVisible = 0;
			defaultConfigurationName = Release;
		};
		DA47F3CE1652B2DD00CCE464 /* Build configuration list for PBXNativeTarget "STEMTutorial" */ = {
			isa = XCConfigurationList;
			buildConfigurations = (
				DA47F3CF1652B2DD00CCE464 /* Debug */,
				DA47F3D01652B2DD00CCE464 /* Release */,
			);
			defaultConfigurationIsVisible = 0;
			defaultConfigurationName = Release;
		};
/* End XCConfigurationList section */
	};
	rootObject = DA47F3A71652B2DD00CCE464 /* Project object */;
}
