// !$*UTF8*$!
{
	archiveVersion = 1;
	classes = {
	};
	objectVersion = 46;
	objects = {

/* Begin PBXBuildFile section */
		DA220E8D1695DAAC004A58D6 /* trigQuizViewController.m in Sources */ = {isa = PBXBuildFile; fileRef = DA220E8C1695DAAC004A58D6 /* trigQuizViewController.m */; };
		DA220E911695E7EC004A58D6 /* trigDifficulty1.m in Sources */ = {isa = PBXBuildFile; fileRef = DA220E901695E7EC004A58D6 /* trigDifficulty1.m */; };
		DA47F3B51652B2DD00CCE464 /* UIKit.framework in Frameworks */ = {isa = PBXBuildFile; fileRef = DA47F3B41652B2DD00CCE464 /* UIKit.framework */; };
		DA47F3B71652B2DD00CCE464 /* Foundation.framework in Frameworks */ = {isa = PBXBuildFile; fileRef = DA47F3B61652B2DD00CCE464 /* Foundation.framework */; };
		DA47F3B91652B2DD00CCE464 /* CoreGraphics.framework in Frameworks */ = {isa = PBXBuildFile; fileRef = DA47F3B81652B2DD00CCE464 /* CoreGraphics.framework */; };
		DA47F3BF1652B2DD00CCE464 /* InfoPlist.strings in Resources */ = {isa = PBXBuildFile; fileRef = DA47F3BD1652B2DD00CCE464 /* InfoPlist.strings */; };
		DA47F3C11652B2DD00CCE464 /* main.m in Sources */ = {isa = PBXBuildFile; fileRef = DA47F3C01652B2DD00CCE464 /* main.m */; };
		DA47F3C51652B2DD00CCE464 /* AppDelegate.m in Sources */ = {isa = PBXBuildFile; fileRef = DA47F3C41652B2DD00CCE464 /* AppDelegate.m */; };
		DA47F3C81652B2DD00CCE464 /* MainStoryboard.storyboard in Resources */ = {isa = PBXBuildFile; fileRef = DA47F3C61652B2DD00CCE464 /* MainStoryboard.storyboard */; };
		DA47F3CB1652B2DD00CCE464 /* ViewController.m in Sources */ = {isa = PBXBuildFile; fileRef = DA47F3CA1652B2DD00CCE464 /* ViewController.m */; };
		DA47F3D21652B2FC00CCE464 /* title.jpg in Resources */ = {isa = PBXBuildFile; fileRef = DA47F3D11652B2FC00CCE464 /* title.jpg */; };
		DA47F3D41652B30900CCE464 /* chalkboard.jpg in Resources */ = {isa = PBXBuildFile; fileRef = DA47F3D31652B30900CCE464 /* chalkboard.jpg */; };
		DA48F2381668094E00C2ED7E /* VolAreaDifficulty1.m in Sources */ = {isa = PBXBuildFile; fileRef = DA48F2371668094E00C2ED7E /* VolAreaDifficulty1.m */; };
		DA48F23C16680B1D00C2ED7E /* VolAreaDifficulty2.m in Sources */ = {isa = PBXBuildFile; fileRef = DA48F23B16680B1D00C2ED7E /* VolAreaDifficulty2.m */; };
		DA52188716A8501C0023EF1A /* 1.jpg in Resources */ = {isa = PBXBuildFile; fileRef = DA52187C16A8501C0023EF1A /* 1.jpg */; };
		DA52188816A8501C0023EF1A /* 2.jpg in Resources */ = {isa = PBXBuildFile; fileRef = DA52187D16A8501C0023EF1A /* 2.jpg */; };
		DA52188916A8501C0023EF1A /* 3.jpg in Resources */ = {isa = PBXBuildFile; fileRef = DA52187E16A8501C0023EF1A /* 3.jpg */; };
		DA52188A16A8501C0023EF1A /* 4.jpg in Resources */ = {isa = PBXBuildFile; fileRef = DA52187F16A8501C0023EF1A /* 4.jpg */; };
		DA52188B16A8501C0023EF1A /* 5.jpg in Resources */ = {isa = PBXBuildFile; fileRef = DA52188016A8501C0023EF1A /* 5.jpg */; };
		DA52188C16A8501C0023EF1A /* 6.jpg in Resources */ = {isa = PBXBuildFile; fileRef = DA52188116A8501C0023EF1A /* 6.jpg */; };
		DA52188D16A8501C0023EF1A /* 7.jpg in Resources */ = {isa = PBXBuildFile; fileRef = DA52188216A8501C0023EF1A /* 7.jpg */; };
		DA52188E16A8501C0023EF1A /* 8.JPG in Resources */ = {isa = PBXBuildFile; fileRef = DA52188316A8501C0023EF1A /* 8.JPG */; };
		DA52188F16A8501C0023EF1A /* 9.jpg in Resources */ = {isa = PBXBuildFile; fileRef = DA52188416A8501C0023EF1A /* 9.jpg */; };
		DA52189016A8501C0023EF1A /* 10.jpg in Resources */ = {isa = PBXBuildFile; fileRef = DA52188516A8501C0023EF1A /* 10.jpg */; };
		DA52189116A8501C0023EF1A /* 11.jpg in Resources */ = {isa = PBXBuildFile; fileRef = DA52188616A8501C0023EF1A /* 11.jpg */; };
		DA9A673D165581D100CC679C /* algebraOptionsViewController.m in Sources */ = {isa = PBXBuildFile; fileRef = DA9A673C165581D100CC679C /* algebraOptionsViewController.m */; };
		DA9A67411655835200CC679C /* algebraQuizViewController.m in Sources */ = {isa = PBXBuildFile; fileRef = DA9A67401655835200CC679C /* algebraQuizViewController.m */; };
		DA9A67441655885A00CC679C /* algebra2variable.m in Sources */ = {isa = PBXBuildFile; fileRef = DA9A67431655885A00CC679C /* algebra2variable.m */; };
		DAA25A8B167B2A91007AA6CD /* AlgebraSummaryViewController.m in Sources */ = {isa = PBXBuildFile; fileRef = DAA25A8A167B2A91007AA6CD /* AlgebraSummaryViewController.m */; };
		DAA25A8F167B4318007AA6CD /* volAreaQuizViewController.m in Sources */ = {isa = PBXBuildFile; fileRef = DAA25A8E167B4318007AA6CD /* volAreaQuizViewController.m */; };
		DAAB64B216A81EAF001EDC79 /* trigd2triangle.jpg in Resources */ = {isa = PBXBuildFile; fileRef = DAAB64B116A81EAF001EDC79 /* trigd2triangle.jpg */; };
		DAAB64B916A837B8001EDC79 /* volAreaSummaryViewController.m in Sources */ = {isa = PBXBuildFile; fileRef = DAAB64B816A837B8001EDC79 /* volAreaSummaryViewController.m */; };
		DAAB64BC16A84D20001EDC79 /* algebraTutViewController.m in Sources */ = {isa = PBXBuildFile; fileRef = DAAB64BB16A84D1F001EDC79 /* algebraTutViewController.m */; };
		DAAC9C88169B2AFE0005FF62 /* trigDifficulty3.m in Sources */ = {isa = PBXBuildFile; fileRef = DAAC9C87169B2AFE0005FF62 /* trigDifficulty3.m */; };
		DAAE0B66165BECCF005EB6DC /* algebra3variable.m in Sources */ = {isa = PBXBuildFile; fileRef = DAAE0B65165BECCF005EB6DC /* algebra3variable.m */; };
		DAE1B528169AD7D700560A19 /* trigDifficulty2.m in Sources */ = {isa = PBXBuildFile; fileRef = DAE1B527169AD7D700560A19 /* trigDifficulty2.m */; };
		DAE6253E16B9533F00DCA45A /* AlgebraDifficulties.m in Sources */ = {isa = PBXBuildFile; fileRef = DAE6253D16B9533F00DCA45A /* AlgebraDifficulties.m */; };
		DAEA69DE1667CF380007BD85 /* algebraDifficulty3.m in Sources */ = {isa = PBXBuildFile; fileRef = DAEA69DD1667CF380007BD85 /* algebraDifficulty3.m */; };
		DAFA8EEA16A70C390076F8FE /* trigSummaryViewController.m in Sources */ = {isa = PBXBuildFile; fileRef = DAFA8EE916A70C390076F8FE /* trigSummaryViewController.m */; };
/* End PBXBuildFile section */

/* Begin PBXFileReference section */
		DA220E8B1695DAAC004A58D6 /* trigQuizViewController.h */ = {isa = PBXFileReference; fileEncoding = 4; lastKnownFileType = sourcecode.c.h; path = trigQuizViewController.h; sourceTree = "<group>"; };
		DA220E8C1695DAAC004A58D6 /* trigQuizViewController.m */ = {isa = PBXFileReference; fileEncoding = 4; lastKnownFileType = sourcecode.c.objc; path = trigQuizViewController.m; sourceTree = "<group>"; };
		DA220E8F1695E7EC004A58D6 /* trigDifficulty1.h */ = {isa = PBXFileReference; fileEncoding = 4; lastKnownFileType = sourcecode.c.h; path = trigDifficulty1.h; sourceTree = "<group>"; };
		DA220E901695E7EC004A58D6 /* trigDifficulty1.m */ = {isa = PBXFileReference; fileEncoding = 4; lastKnownFileType = sourcecode.c.objc; path = trigDifficulty1.m; sourceTree = "<group>"; };
		DA47F3B01652B2DD00CCE464 /* STEMTutorial.app */ = {isa = PBXFileReference; explicitFileType = wrapper.application; includeInIndex = 0; path = STEMTutorial.app; sourceTree = BUILT_PRODUCTS_DIR; };
		DA47F3B41652B2DD00CCE464 /* UIKit.framework */ = {isa = PBXFileReference; lastKnownFileType = wrapper.framework; name = UIKit.framework; path = System/Library/Frameworks/UIKit.framework; sourceTree = SDKROOT; };
		DA47F3B61652B2DD00CCE464 /* Foundation.framework */ = {isa = PBXFileReference; lastKnownFileType = wrapper.framework; name = Foundation.framework; path = System/Library/Frameworks/Foundation.framework; sourceTree = SDKROOT; };
		DA47F3B81652B2DD00CCE464 /* CoreGraphics.framework */ = {isa = PBXFileReference; lastKnownFileType = wrapper.framework; name = CoreGraphics.framework; path = System/Library/Frameworks/CoreGraphics.framework; sourceTree = SDKROOT; };
		DA47F3BC1652B2DD00CCE464 /* STEMTutorial-Info.plist */ = {isa = PBXFileReference; lastKnownFileType = text.plist.xml; path = "STEMTutorial-Info.plist"; sourceTree = "<group>"; };
		DA47F3BE1652B2DD00CCE464 /* en */ = {isa = PBXFileReference; lastKnownFileType = text.plist.strings; name = en; path = en.lproj/InfoPlist.strings; sourceTree = "<group>"; };
		DA47F3C01652B2DD00CCE464 /* main.m */ = {isa = PBXFileReference; lastKnownFileType = sourcecode.c.objc; path = main.m; sourceTree = "<group>"; };
		DA47F3C21652B2DD00CCE464 /* STEMTutorial-Prefix.pch */ = {isa = PBXFileReference; lastKnownFileType = sourcecode.c.h; path = "STEMTutorial-Prefix.pch"; sourceTree = "<group>"; };
		DA47F3C31652B2DD00CCE464 /* AppDelegate.h */ = {isa = PBXFileReference; lastKnownFileType = sourcecode.c.h; path = AppDelegate.h; sourceTree = "<group>"; };
		DA47F3C41652B2DD00CCE464 /* AppDelegate.m */ = {isa = PBXFileReference; lastKnownFileType = sourcecode.c.objc; path = AppDelegate.m; sourceTree = "<group>"; };
		DA47F3C71652B2DD00CCE464 /* en */ = {isa = PBXFileReference; lastKnownFileType = file.storyboard; name = en; path = en.lproj/MainStoryboard.storyboard; sourceTree = "<group>"; };
		DA47F3C91652B2DD00CCE464 /* ViewController.h */ = {isa = PBXFileReference; lastKnownFileType = sourcecode.c.h; path = ViewController.h; sourceTree = "<group>"; };
		DA47F3CA1652B2DD00CCE464 /* ViewController.m */ = {isa = PBXFileReference; lastKnownFileType = sourcecode.c.objc; path = ViewController.m; sourceTree = "<group>"; };
		DA47F3D11652B2FC00CCE464 /* title.jpg */ = {isa = PBXFileReference; lastKnownFileType = image.jpeg; path = title.jpg; sourceTree = "<group>"; };
		DA47F3D31652B30900CCE464 /* chalkboard.jpg */ = {isa = PBXFileReference; lastKnownFileType = image.jpeg; path = chalkboard.jpg; sourceTree = "<group>"; };
		DA48F2361668094E00C2ED7E /* VolAreaDifficulty1.h */ = {isa = PBXFileReference; fileEncoding = 4; lastKnownFileType = sourcecode.c.h; path = VolAreaDifficulty1.h; sourceTree = "<group>"; };
		DA48F2371668094E00C2ED7E /* VolAreaDifficulty1.m */ = {isa = PBXFileReference; fileEncoding = 4; lastKnownFileType = sourcecode.c.objc; path = VolAreaDifficulty1.m; sourceTree = "<group>"; };
		DA48F23A16680B1D00C2ED7E /* VolAreaDifficulty2.h */ = {isa = PBXFileReference; fileEncoding = 4; lastKnownFileType = sourcecode.c.h; path = VolAreaDifficulty2.h; sourceTree = "<group>"; };
		DA48F23B16680B1D00C2ED7E /* VolAreaDifficulty2.m */ = {isa = PBXFileReference; fileEncoding = 4; lastKnownFileType = sourcecode.c.objc; path = VolAreaDifficulty2.m; sourceTree = "<group>"; };
		DA52187C16A8501C0023EF1A /* 1.jpg */ = {isa = PBXFileReference; lastKnownFileType = image.jpeg; name = 1.jpg; path = algebraTutImages/1.jpg; sourceTree = "<group>"; };
		DA52187D16A8501C0023EF1A /* 2.jpg */ = {isa = PBXFileReference; lastKnownFileType = image.jpeg; name = 2.jpg; path = algebraTutImages/2.jpg; sourceTree = "<group>"; };
		DA52187E16A8501C0023EF1A /* 3.jpg */ = {isa = PBXFileReference; lastKnownFileType = image.jpeg; name = 3.jpg; path = algebraTutImages/3.jpg; sourceTree = "<group>"; };
		DA52187F16A8501C0023EF1A /* 4.jpg */ = {isa = PBXFileReference; lastKnownFileType = image.jpeg; name = 4.jpg; path = algebraTutImages/4.jpg; sourceTree = "<group>"; };
		DA52188016A8501C0023EF1A /* 5.jpg */ = {isa = PBXFileReference; lastKnownFileType = image.jpeg; name = 5.jpg; path = algebraTutImages/5.jpg; sourceTree = "<group>"; };
		DA52188116A8501C0023EF1A /* 6.jpg */ = {isa = PBXFileReference; lastKnownFileType = image.jpeg; name = 6.jpg; path = algebraTutImages/6.jpg; sourceTree = "<group>"; };
		DA52188216A8501C0023EF1A /* 7.jpg */ = {isa = PBXFileReference; lastKnownFileType = image.jpeg; name = 7.jpg; path = algebraTutImages/7.jpg; sourceTree = "<group>"; };
		DA52188316A8501C0023EF1A /* 8.JPG */ = {isa = PBXFileReference; lastKnownFileType = image.jpeg; name = 8.JPG; path = algebraTutImages/8.JPG; sourceTree = "<group>"; };
		DA52188416A8501C0023EF1A /* 9.jpg */ = {isa = PBXFileReference; lastKnownFileType = image.jpeg; name = 9.jpg; path = algebraTutImages/9.jpg; sourceTree = "<group>"; };
		DA52188516A8501C0023EF1A /* 10.jpg */ = {isa = PBXFileReference; lastKnownFileType = image.jpeg; name = 10.jpg; path = algebraTutImages/10.jpg; sourceTree = "<group>"; };
		DA52188616A8501C0023EF1A /* 11.jpg */ = {isa = PBXFileReference; lastKnownFileType = image.jpeg; name = 11.jpg; path = algebraTutImages/11.jpg; sourceTree = "<group>"; };
		DA9A673B165581D100CC679C /* algebraOptionsViewController.h */ = {isa = PBXFileReference; fileEncoding = 4; lastKnownFileType = sourcecode.c.h; path = algebraOptionsViewController.h; sourceTree = "<group>"; };
		DA9A673C165581D100CC679C /* algebraOptionsViewController.m */ = {isa = PBXFileReference; fileEncoding = 4; lastKnownFileType = sourcecode.c.objc; path = algebraOptionsViewController.m; sourceTree = "<group>"; };
		DA9A673F1655835200CC679C /* algebraQuizViewController.h */ = {isa = PBXFileReference; fileEncoding = 4; lastKnownFileType = sourcecode.c.h; path = algebraQuizViewController.h; sourceTree = "<group>"; };
		DA9A67401655835200CC679C /* algebraQuizViewController.m */ = {isa = PBXFileReference; fileEncoding = 4; lastKnownFileType = sourcecode.c.objc; path = algebraQuizViewController.m; sourceTree = "<group>"; };
		DA9A67421655885A00CC679C /* algebra2variable.h */ = {isa = PBXFileReference; fileEncoding = 4; lastKnownFileType = sourcecode.c.h; path = algebra2variable.h; sourceTree = "<group>"; };
		DA9A67431655885A00CC679C /* algebra2variable.m */ = {isa = PBXFileReference; fileEncoding = 4; lastKnownFileType = sourcecode.c.objc; path = algebra2variable.m; sourceTree = "<group>"; };
		DAA25A89167B2A91007AA6CD /* AlgebraSummaryViewController.h */ = {isa = PBXFileReference; fileEncoding = 4; lastKnownFileType = sourcecode.c.h; path = AlgebraSummaryViewController.h; sourceTree = "<group>"; };
		DAA25A8A167B2A91007AA6CD /* AlgebraSummaryViewController.m */ = {isa = PBXFileReference; fileEncoding = 4; lastKnownFileType = sourcecode.c.objc; path = AlgebraSummaryViewController.m; sourceTree = "<group>"; };
		DAA25A8D167B4318007AA6CD /* volAreaQuizViewController.h */ = {isa = PBXFileReference; fileEncoding = 4; lastKnownFileType = sourcecode.c.h; path = volAreaQuizViewController.h; sourceTree = "<group>"; };
		DAA25A8E167B4318007AA6CD /* volAreaQuizViewController.m */ = {isa = PBXFileReference; fileEncoding = 4; lastKnownFileType = sourcecode.c.objc; path = volAreaQuizViewController.m; sourceTree = "<group>"; };
		DAAB64B116A81EAF001EDC79 /* trigd2triangle.jpg */ = {isa = PBXFileReference; lastKnownFileType = image.jpeg; path = trigd2triangle.jpg; sourceTree = "<group>"; };
		DAAB64B716A837B8001EDC79 /* volAreaSummaryViewController.h */ = {isa = PBXFileReference; fileEncoding = 4; lastKnownFileType = sourcecode.c.h; name = volAreaSummaryViewController.h; path = ../volAreaSummaryViewController.h; sourceTree = "<group>"; };
		DAAB64B816A837B8001EDC79 /* volAreaSummaryViewController.m */ = {isa = PBXFileReference; fileEncoding = 4; lastKnownFileType = sourcecode.c.objc; name = volAreaSummaryViewController.m; path = ../volAreaSummaryViewController.m; sourceTree = "<group>"; };
		DAAB64BA16A84D1F001EDC79 /* algebraTutViewController.h */ = {isa = PBXFileReference; fileEncoding = 4; lastKnownFileType = sourcecode.c.h; path = algebraTutViewController.h; sourceTree = "<group>"; };
		DAAB64BB16A84D1F001EDC79 /* algebraTutViewController.m */ = {isa = PBXFileReference; fileEncoding = 4; lastKnownFileType = sourcecode.c.objc; path = algebraTutViewController.m; sourceTree = "<group>"; };
		DAAC9C86169B2AFE0005FF62 /* trigDifficulty3.h */ = {isa = PBXFileReference; fileEncoding = 4; lastKnownFileType = sourcecode.c.h; path = trigDifficulty3.h; sourceTree = "<group>"; };
		DAAC9C87169B2AFE0005FF62 /* trigDifficulty3.m */ = {isa = PBXFileReference; fileEncoding = 4; lastKnownFileType = sourcecode.c.objc; path = trigDifficulty3.m; sourceTree = "<group>"; };
		DAAE0B64165BECCF005EB6DC /* algebra3variable.h */ = {isa = PBXFileReference; fileEncoding = 4; lastKnownFileType = sourcecode.c.h; path = algebra3variable.h; sourceTree = "<group>"; };
		DAAE0B65165BECCF005EB6DC /* algebra3variable.m */ = {isa = PBXFileReference; fileEncoding = 4; lastKnownFileType = sourcecode.c.objc; path = algebra3variable.m; sourceTree = "<group>"; };
		DAE1B526169AD7D700560A19 /* trigDifficulty2.h */ = {isa = PBXFileReference; fileEncoding = 4; lastKnownFileType = sourcecode.c.h; path = trigDifficulty2.h; sourceTree = "<group>"; };
		DAE1B527169AD7D700560A19 /* trigDifficulty2.m */ = {isa = PBXFileReference; fileEncoding = 4; lastKnownFileType = sourcecode.c.objc; path = trigDifficulty2.m; sourceTree = "<group>"; };
		DAE6253C16B9533F00DCA45A /* AlgebraDifficulties.h */ = {isa = PBXFileReference; fileEncoding = 4; lastKnownFileType = sourcecode.c.h; path = AlgebraDifficulties.h; sourceTree = "<group>"; };
		DAE6253D16B9533F00DCA45A /* AlgebraDifficulties.m */ = {isa = PBXFileReference; fileEncoding = 4; lastKnownFileType = sourcecode.c.objc; path = AlgebraDifficulties.m; sourceTree = "<group>"; };
		DAEA69DC1667CF380007BD85 /* algebraDifficulty3.h */ = {isa = PBXFileReference; fileEncoding = 4; lastKnownFileType = sourcecode.c.h; path = algebraDifficulty3.h; sourceTree = "<group>"; };
		DAEA69DD1667CF380007BD85 /* algebraDifficulty3.m */ = {isa = PBXFileReference; fileEncoding = 4; lastKnownFileType = sourcecode.c.objc; path = algebraDifficulty3.m; sourceTree = "<group>"; };
		DAFA8EE816A70C390076F8FE /* trigSummaryViewController.h */ = {isa = PBXFileReference; fileEncoding = 4; lastKnownFileType = sourcecode.c.h; path = trigSummaryViewController.h; sourceTree = "<group>"; };
		DAFA8EE916A70C390076F8FE /* trigSummaryViewController.m */ = {isa = PBXFileReference; fileEncoding = 4; lastKnownFileType = sourcecode.c.objc; path = trigSummaryViewController.m; sourceTree = "<group>"; };
/* End PBXFileReference section */

/* Begin PBXFrameworksBuildPhase section */
		DA47F3AD1652B2DD00CCE464 /* Frameworks */ = {
			isa = PBXFrameworksBuildPhase;
			buildActionMask = 2147483647;
			files = (
				DA47F3B51652B2DD00CCE464 /* UIKit.framework in Frameworks */,
				DA47F3B71652B2DD00CCE464 /* Foundation.framework in Frameworks */,
				DA47F3B91652B2DD00CCE464 /* CoreGraphics.framework in Frameworks */,
			);
			runOnlyForDeploymentPostprocessing = 0;
		};
/* End PBXFrameworksBuildPhase section */

/* Begin PBXGroup section */
		DA47F3A51652B2DD00CCE464 = {
			isa = PBXGroup;
			children = (
				DA47F3BA1652B2DD00CCE464 /* STEMTutorial */,
				DA47F3B31652B2DD00CCE464 /* Frameworks */,
				DA47F3B11652B2DD00CCE464 /* Products */,
			);
			sourceTree = "<group>";
		};
		DA47F3B11652B2DD00CCE464 /* Products */ = {
			isa = PBXGroup;
			children = (
				DA47F3B01652B2DD00CCE464 /* STEMTutorial.app */,
			);
			name = Products;
			sourceTree = "<group>";
		};
		DA47F3B31652B2DD00CCE464 /* Frameworks */ = {
			isa = PBXGroup;
			children = (
				DA47F3B41652B2DD00CCE464 /* UIKit.framework */,
				DA47F3B61652B2DD00CCE464 /* Foundation.framework */,
				DA47F3B81652B2DD00CCE464 /* CoreGraphics.framework */,
			);
			name = Frameworks;
			sourceTree = "<group>";
		};
		DA47F3BA1652B2DD00CCE464 /* STEMTutorial */ = {
			isa = PBXGroup;
			children = (
				DAAB64B716A837B8001EDC79 /* volAreaSummaryViewController.h */,
				DAAB64B816A837B8001EDC79 /* volAreaSummaryViewController.m */,
				DAAC9C86169B2AFE0005FF62 /* trigDifficulty3.h */,
				DAAC9C87169B2AFE0005FF62 /* trigDifficulty3.m */,
				DA220E8F1695E7EC004A58D6 /* trigDifficulty1.h */,
				DA220E901695E7EC004A58D6 /* trigDifficulty1.m */,
				DAE1B526169AD7D700560A19 /* trigDifficulty2.h */,
				DAE1B527169AD7D700560A19 /* trigDifficulty2.m */,
				DA220E8B1695DAAC004A58D6 /* trigQuizViewController.h */,
				DA220E8C1695DAAC004A58D6 /* trigQuizViewController.m */,
				DA47F3C31652B2DD00CCE464 /* AppDelegate.h */,
				DA47F3C41652B2DD00CCE464 /* AppDelegate.m */,
				DA47F3C61652B2DD00CCE464 /* MainStoryboard.storyboard */,
				DAAB64BA16A84D1F001EDC79 /* algebraTutViewController.h */,
				DAAB64BB16A84D1F001EDC79 /* algebraTutViewController.m */,
				DAA25A8D167B4318007AA6CD /* volAreaQuizViewController.h */,
				DAA25A8E167B4318007AA6CD /* volAreaQuizViewController.m */,
				DA9A673F1655835200CC679C /* algebraQuizViewController.h */,
				DA9A67401655835200CC679C /* algebraQuizViewController.m */,
				DA48F2361668094E00C2ED7E /* VolAreaDifficulty1.h */,
				DA48F2371668094E00C2ED7E /* VolAreaDifficulty1.m */,
				DA48F23A16680B1D00C2ED7E /* VolAreaDifficulty2.h */,
				DA48F23B16680B1D00C2ED7E /* VolAreaDifficulty2.m */,
				DAE6253C16B9533F00DCA45A /* AlgebraDifficulties.h */,
				DAE6253D16B9533F00DCA45A /* AlgebraDifficulties.m */,
				DA9A67421655885A00CC679C /* algebra2variable.h */,
				DA9A67431655885A00CC679C /* algebra2variable.m */,
				DAEA69DC1667CF380007BD85 /* algebraDifficulty3.h */,
				DAEA69DD1667CF380007BD85 /* algebraDifficulty3.m */,
				DAAE0B64165BECCF005EB6DC /* algebra3variable.h */,
				DAAE0B65165BECCF005EB6DC /* algebra3variable.m */,
				DA9A673B165581D100CC679C /* algebraOptionsViewController.h */,
				DA9A673C165581D100CC679C /* algebraOptionsViewController.m */,
				DA47F3C91652B2DD00CCE464 /* ViewController.h */,
				DAA25A89167B2A91007AA6CD /* AlgebraSummaryViewController.h */,
				DAA25A8A167B2A91007AA6CD /* AlgebraSummaryViewController.m */,
				DAFA8EE816A70C390076F8FE /* trigSummaryViewController.h */,
				DAFA8EE916A70C390076F8FE /* trigSummaryViewController.m */,
				DA47F3CA1652B2DD00CCE464 /* ViewController.m */,
				DA47F3BB1652B2DD00CCE464 /* Supporting Files */,
			);
			path = STEMTutorial;
			sourceTree = "<group>";
		};
		DA47F3BB1652B2DD00CCE464 /* Supporting Files */ = {
			isa = PBXGroup;
			children = (
				DA52187C16A8501C0023EF1A /* 1.jpg */,
				DA52187D16A8501C0023EF1A /* 2.jpg */,
				DA52187E16A8501C0023EF1A /* 3.jpg */,
				DA52187F16A8501C0023EF1A /* 4.jpg */,
				DA52188016A8501C0023EF1A /* 5.jpg */,
				DA52188116A8501C0023EF1A /* 6.jpg */,
				DA52188216A8501C0023EF1A /* 7.jpg */,
				DA52188316A8501C0023EF1A /* 8.JPG */,
				DA52188416A8501C0023EF1A /* 9.jpg */,
				DA52188516A8501C0023EF1A /* 10.jpg */,
				DA52188616A8501C0023EF1A /* 11.jpg */,
				DAAB64B116A81EAF001EDC79 /* trigd2triangle.jpg */,
				DA47F3D31652B30900CCE464 /* chalkboard.jpg */,
				DA47F3D11652B2FC00CCE464 /* title.jpg */,
				DA47F3BC1652B2DD00CCE464 /* STEMTutorial-Info.plist */,
				DA47F3BD1652B2DD00CCE464 /* InfoPlist.strings */,
				DA47F3C01652B2DD00CCE464 /* main.m */,
				DA47F3C21652B2DD00CCE464 /* STEMTutorial-Prefix.pch */,
			);
			name = "Supporting Files";
			sourceTree = "<group>";
		};
/* End PBXGroup section */

/* Begin PBXNativeTarget section */
		DA47F3AF1652B2DD00CCE464 /* STEMTutorial */ = {
			isa = PBXNativeTarget;
			buildConfigurationList = DA47F3CE1652B2DD00CCE464 /* Build configuration list for PBXNativeTarget "STEMTutorial" */;
			buildPhases = (
				DA47F3AC1652B2DD00CCE464 /* Sources */,
				DA47F3AD1652B2DD00CCE464 /* Frameworks */,
				DA47F3AE1652B2DD00CCE464 /* Resources */,
			);
			buildRules = (
			);
			dependencies = (
			);
			name = STEMTutorial;
			productName = STEMTutorial;
			productReference = DA47F3B01652B2DD00CCE464 /* STEMTutorial.app */;
			productType = "com.apple.product-type.application";
		};
/* End PBXNativeTarget section */

/* Begin PBXProject section */
		DA47F3A71652B2DD00CCE464 /* Project object */ = {
			isa = PBXProject;
			attributes = {
				LastUpgradeCheck = 0420;
			};
			buildConfigurationList = DA47F3AA1652B2DD00CCE464 /* Build configuration list for PBXProject "STEMTutorial" */;
			compatibilityVersion = "Xcode 3.2";
			developmentRegion = English;
			hasScannedForEncodings = 0;
			knownRegions = (
				en,
			);
			mainGroup = DA47F3A51652B2DD00CCE464;
			productRefGroup = DA47F3B11652B2DD00CCE464 /* Products */;
			projectDirPath = "";
			projectRoot = "";
			targets = (
				DA47F3AF1652B2DD00CCE464 /* STEMTutorial */,
			);
		};
/* End PBXProject section */

/* Begin PBXResourcesBuildPhase section */
		DA47F3AE1652B2DD00CCE464 /* Resources */ = {
			isa = PBXResourcesBuildPhase;
			buildActionMask = 2147483647;
			files = (
				DA47F3BF1652B2DD00CCE464 /* InfoPlist.strings in Resources */,
				DA47F3C81652B2DD00CCE464 /* MainStoryboard.storyboard in Resources */,
				DA47F3D21652B2FC00CCE464 /* title.jpg in Resources */,
				DA47F3D41652B30900CCE464 /* chalkboard.jpg in Resources */,
				DAAB64B216A81EAF001EDC79 /* trigd2triangle.jpg in Resources */,
				DA52188716A8501C0023EF1A /* 1.jpg in Resources */,
				DA52188816A8501C0023EF1A /* 2.jpg in Resources */,
				DA52188916A8501C0023EF1A /* 3.jpg in Resources */,
				DA52188A16A8501C0023EF1A /* 4.jpg in Resources */,
				DA52188B16A8501C0023EF1A /* 5.jpg in Resources */,
				DA52188C16A8501C0023EF1A /* 6.jpg in Resources */,
				DA52188D16A8501C0023EF1A /* 7.jpg in Resources */,
				DA52188E16A8501C0023EF1A /* 8.JPG in Resources */,
				DA52188F16A8501C0023EF1A /* 9.jpg in Resources */,
				DA52189016A8501C0023EF1A /* 10.jpg in Resources */,
				DA52189116A8501C0023EF1A /* 11.jpg in Resources */,
			);
			runOnlyForDeploymentPostprocessing = 0;
		};
/* End PBXResourcesBuildPhase section */

/* Begin PBXSourcesBuildPhase section */
		DA47F3AC1652B2DD00CCE464 /* Sources */ = {
			isa = PBXSourcesBuildPhase;
			buildActionMask = 2147483647;
			files = (
				DA47F3C11652B2DD00CCE464 /* main.m in Sources */,
				DA47F3C51652B2DD00CCE464 /* AppDelegate.m in Sources */,
				DA47F3CB1652B2DD00CCE464 /* ViewController.m in Sources */,
				DA9A673D165581D100CC679C /* algebraOptionsViewController.m in Sources */,
				DA9A67411655835200CC679C /* algebraQuizViewController.m in Sources */,
				DA9A67441655885A00CC679C /* algebra2variable.m in Sources */,
				DAAE0B66165BECCF005EB6DC /* algebra3variable.m in Sources */,
				DAEA69DE1667CF380007BD85 /* algebraDifficulty3.m in Sources */,
				DA48F2381668094E00C2ED7E /* VolAreaDifficulty1.m in Sources */,
				DA48F23C16680B1D00C2ED7E /* VolAreaDifficulty2.m in Sources */,
				DAA25A8B167B2A91007AA6CD /* AlgebraSummaryViewController.m in Sources */,
				DAA25A8F167B4318007AA6CD /* volAreaQuizViewController.m in Sources */,
				DA220E8D1695DAAC004A58D6 /* trigQuizViewController.m in Sources */,
				DA220E911695E7EC004A58D6 /* trigDifficulty1.m in Sources */,
				DAE1B528169AD7D700560A19 /* trigDifficulty2.m in Sources */,
				DAAC9C88169B2AFE0005FF62 /* trigDifficulty3.m in Sources */,
				DAFA8EEA16A70C390076F8FE /* trigSummaryViewController.m in Sources */,
				DAAB64B916A837B8001EDC79 /* volAreaSummaryViewController.m in Sources */,
				DAAB64BC16A84D20001EDC79 /* algebraTutViewController.m in Sources */,
				DAE6253E16B9533F00DCA45A /* AlgebraDifficulties.m in Sources */,
			);
			runOnlyForDeploymentPostprocessing = 0;
		};
/* End PBXSourcesBuildPhase section */

/* Begin PBXVariantGroup section */
		DA47F3BD1652B2DD00CCE464 /* InfoPlist.strings */ = {
			isa = PBXVariantGroup;
			children = (
				DA47F3BE1652B2DD00CCE464 /* en */,
			);
			name = InfoPlist.strings;
			sourceTree = "<group>";
		};
		DA47F3C61652B2DD00CCE464 /* MainStoryboard.storyboard */ = {
			isa = PBXVariantGroup;
			children = (
				DA47F3C71652B2DD00CCE464 /* en */,
			);
			name = MainStoryboard.storyboard;
			sourceTree = "<group>";
		};
/* End PBXVariantGroup section */

/* Begin XCBuildConfiguration section */
		DA47F3CC1652B2DD00CCE464 /* Debug */ = {
			isa = XCBuildConfiguration;
			buildSettings = {
				ALWAYS_SEARCH_USER_PATHS = NO;
				ARCHS = "$(ARCHS_STANDARD_32_BIT)";
				CLANG_ENABLE_OBJC_ARC = YES;
				"CODE_SIGN_IDENTITY[sdk=iphoneos*]" = "iPhone Developer";
				COPY_PHASE_STRIP = NO;
				GCC_C_LANGUAGE_STANDARD = gnu99;
				GCC_DYNAMIC_NO_PIC = NO;
				GCC_OPTIMIZATION_LEVEL = 0;
				GCC_PREPROCESSOR_DEFINITIONS = (
					"DEBUG=1",
					"$(inherited)",
				);
				GCC_SYMBOLS_PRIVATE_EXTERN = NO;
				GCC_VERSION = com.apple.compilers.llvm.clang.1_0;
				GCC_WARN_ABOUT_MISSING_PROTOTYPES = YES;
				GCC_WARN_ABOUT_RETURN_TYPE = YES;
				GCC_WARN_UNUSED_VARIABLE = YES;
				IPHONEOS_DEPLOYMENT_TARGET = 5.0;
				SDKROOT = iphoneos;
			};
			name = Debug;
		};
		DA47F3CD1652B2DD00CCE464 /* Release */ = {
			isa = XCBuildConfiguration;
			buildSettings = {
				ALWAYS_SEARCH_USER_PATHS = NO;
				ARCHS = "$(ARCHS_STANDARD_32_BIT)";
				CLANG_ENABLE_OBJC_ARC = YES;
				"CODE_SIGN_IDENTITY[sdk=iphoneos*]" = "iPhone Developer";
				COPY_PHASE_STRIP = YES;
				GCC_C_LANGUAGE_STANDARD = gnu99;
				GCC_VERSION = com.apple.compilers.llvm.clang.1_0;
				GCC_WARN_ABOUT_MISSING_PROTOTYPES = YES;
				GCC_WARN_ABOUT_RETURN_TYPE = YES;
				GCC_WARN_UNUSED_VARIABLE = YES;
				IPHONEOS_DEPLOYMENT_TARGET = 5.0;
				OTHER_CFLAGS = "-DNS_BLOCK_ASSERTIONS=1";
				SDKROOT = iphoneos;
				VALIDATE_PRODUCT = YES;
			};
			name = Release;
		};
		DA47F3CF1652B2DD00CCE464 /* Debug */ = {
			isa = XCBuildConfiguration;
			buildSettings = {
				GCC_PRECOMPILE_PREFIX_HEADER = YES;
				GCC_PREFIX_HEADER = "STEMTutorial/STEMTutorial-Prefix.pch";
				INFOPLIST_FILE = "STEMTutorial/STEMTutorial-Info.plist";
				PRODUCT_NAME = "$(TARGET_NAME)";
				WRAPPER_EXTENSION = app;
			};
			name = Debug;
		};
		DA47F3D01652B2DD00CCE464 /* Release */ = {
			isa = XCBuildConfiguration;
			buildSettings = {
				GCC_PRECOMPILE_PREFIX_HEADER = YES;
				GCC_PREFIX_HEADER = "STEMTutorial/STEMTutorial-Prefix.pch";
				INFOPLIST_FILE = "STEMTutorial/STEMTutorial-Info.plist";
				PRODUCT_NAME = "$(TARGET_NAME)";
				WRAPPER_EXTENSION = app;
			};
			name = Release;
		};
/* End XCBuildConfiguration section */

/* Begin XCConfigurationList section */
		DA47F3AA1652B2DD00CCE464 /* Build configuration list for PBXProject "STEMTutorial" */ = {
			isa = XCConfigurationList;
			buildConfigurations = (
				DA47F3CC1652B2DD00CCE464 /* Debug */,
				DA47F3CD1652B2DD00CCE464 /* Release */,
			);
			defaultConfigurationIsVisible = 0;
			defaultConfigurationName = Release;
		};
		DA47F3CE1652B2DD00CCE464 /* Build configuration list for PBXNativeTarget "STEMTutorial" */ = {
			isa = XCConfigurationList;
			buildConfigurations = (
				DA47F3CF1652B2DD00CCE464 /* Debug */,
				DA47F3D01652B2DD00CCE464 /* Release */,
			);
			defaultConfigurationIsVisible = 0;
			defaultConfigurationName = Release;
		};
/* End XCConfigurationList section */
	};
	rootObject = DA47F3A71652B2DD00CCE464 /* Project object */;
}
